// !$*UTF8*$!
{
	archiveVersion = 1;
	classes = {
	};
	objectVersion = 46;
	objects = {

/* Begin PBXBuildFile section */
		8A0C14BA14A9F7DA00F8D2B3 /* P3.json in Resources */ = {isa = PBXBuildFile; fileRef = 8A0C14B814A9F7DA00F8D2B3 /* P3.json */; };
		8A0C14BB14A9F7DA00F8D2B3 /* RadioStations.plist in Resources */ = {isa = PBXBuildFile; fileRef = 8A0C14B914A9F7DA00F8D2B3 /* RadioStations.plist */; };
		8A0C14BD14A9F82A00F8D2B3 /* p3_test_1.json in Resources */ = {isa = PBXBuildFile; fileRef = 8A0C14BC14A9F82A00F8D2B3 /* p3_test_1.json */; };
		8A0C14BF14A9F84000F8D2B3 /* p3_test_2.json in Resources */ = {isa = PBXBuildFile; fileRef = 8A0C14BE14A9F84000F8D2B3 /* p3_test_2.json */; };
		8A0C14C114A9F86C00F8D2B3 /* p3_test_3.json in Resources */ = {isa = PBXBuildFile; fileRef = 8A0C14C014A9F86B00F8D2B3 /* p3_test_3.json */; };
		8A0C14C314A9F88F00F8D2B3 /* p3_test_4.json in Resources */ = {isa = PBXBuildFile; fileRef = 8A0C14C214A9F88F00F8D2B3 /* p3_test_4.json */; };
		8A0C14C614AA06F000F8D2B3 /* GWStationTunerView.m in Sources */ = {isa = PBXBuildFile; fileRef = 8A0C14C514AA06F000F8D2B3 /* GWStationTunerView.m */; };
		8AC5D9A8149D09B800A63579 /* UIKit.framework in Frameworks */ = {isa = PBXBuildFile; fileRef = 8AC5D9A7149D09B800A63579 /* UIKit.framework */; };
		8AC5D9AA149D09B800A63579 /* Foundation.framework in Frameworks */ = {isa = PBXBuildFile; fileRef = 8AC5D9A9149D09B800A63579 /* Foundation.framework */; };
		8AC5D9AC149D09B800A63579 /* CoreGraphics.framework in Frameworks */ = {isa = PBXBuildFile; fileRef = 8AC5D9AB149D09B800A63579 /* CoreGraphics.framework */; };
		8AC5D9B2149D09B800A63579 /* InfoPlist.strings in Resources */ = {isa = PBXBuildFile; fileRef = 8AC5D9B0149D09B800A63579 /* InfoPlist.strings */; };
		8AC5D9B4149D09B800A63579 /* main.m in Sources */ = {isa = PBXBuildFile; fileRef = 8AC5D9B3149D09B800A63579 /* main.m */; };
		8AC5D9B8149D09B800A63579 /* GWAppDelegate.m in Sources */ = {isa = PBXBuildFile; fileRef = 8AC5D9B7149D09B800A63579 /* GWAppDelegate.m */; };
		8AC5D9BB149D09B800A63579 /* GWViewController.m in Sources */ = {isa = PBXBuildFile; fileRef = 8AC5D9BA149D09B800A63579 /* GWViewController.m */; };
		8AC5D9BE149D09B800A63579 /* GWViewController.xib in Resources */ = {isa = PBXBuildFile; fileRef = 8AC5D9BC149D09B800A63579 /* GWViewController.xib */; };
		8AC5D9C6149D09B800A63579 /* SenTestingKit.framework in Frameworks */ = {isa = PBXBuildFile; fileRef = 8AC5D9C5149D09B800A63579 /* SenTestingKit.framework */; };
		8AC5D9C7149D09B800A63579 /* UIKit.framework in Frameworks */ = {isa = PBXBuildFile; fileRef = 8AC5D9A7149D09B800A63579 /* UIKit.framework */; };
		8AC5D9C8149D09B800A63579 /* Foundation.framework in Frameworks */ = {isa = PBXBuildFile; fileRef = 8AC5D9A9149D09B800A63579 /* Foundation.framework */; };
		8AC5D9D0149D09B800A63579 /* InfoPlist.strings in Resources */ = {isa = PBXBuildFile; fileRef = 8AC5D9CE149D09B800A63579 /* InfoPlist.strings */; };
		8AC5D9D3149D09B800A63579 /* RadioTests.m in Sources */ = {isa = PBXBuildFile; fileRef = 8AC5D9D2149D09B800A63579 /* RadioTests.m */; };
		8AC5D9E6149D158500A63579 /* AudioToolbox.framework in Frameworks */ = {isa = PBXBuildFile; fileRef = 8AC5D9E5149D158500A63579 /* AudioToolbox.framework */; };
		8AC5D9E8149D158D00A63579 /* MediaPlayer.framework in Frameworks */ = {isa = PBXBuildFile; fileRef = 8AC5D9E7149D158D00A63579 /* MediaPlayer.framework */; };
		8AC5D9EA149D15BD00A63579 /* CFNetwork.framework in Frameworks */ = {isa = PBXBuildFile; fileRef = 8AC5D9E9149D15BD00A63579 /* CFNetwork.framework */; };
		8AC5D9EE149D169900A63579 /* GWRadioStation.m in Sources */ = {isa = PBXBuildFile; fileRef = 8AC5D9ED149D169900A63579 /* GWRadioStation.m */; };
		8AC5D9F4149D214B00A63579 /* GWRadioTuner.m in Sources */ = {isa = PBXBuildFile; fileRef = 8AC5D9F3149D214B00A63579 /* GWRadioTuner.m */; };
		8AC5D9F6149D2EFA00A63579 /* AVFoundation.framework in Frameworks */ = {isa = PBXBuildFile; fileRef = 8AC5D9F5149D2EFA00A63579 /* AVFoundation.framework */; };
		8AC5D9F9149D317900A63579 /* AudioStreamer.m in Sources */ = {isa = PBXBuildFile; fileRef = 8AC5D9F8149D317900A63579 /* AudioStreamer.m */; settings = {COMPILER_FLAGS = "-fno-objc-arc -Wno-extra-tokens -Wno-missing-prototype -Wno-format"; }; };
		8AFB71A1149D44220010E6E1 /* GWRadioStationMetadataCenter.m in Sources */ = {isa = PBXBuildFile; fileRef = 8AFB71A0149D44220010E6E1 /* GWRadioStationMetadataCenter.m */; };
		8AFB71B9149D48C40010E6E1 /* AFHTTPClient.m in Sources */ = {isa = PBXBuildFile; fileRef = 8AFB71A4149D48C40010E6E1 /* AFHTTPClient.m */; settings = {COMPILER_FLAGS = "-fno-objc-arc"; }; };
		8AFB71BA149D48C40010E6E1 /* AFHTTPRequestOperation.m in Sources */ = {isa = PBXBuildFile; fileRef = 8AFB71A6149D48C40010E6E1 /* AFHTTPRequestOperation.m */; settings = {COMPILER_FLAGS = "-fno-objc-arc"; }; };
		8AFB71BB149D48C40010E6E1 /* AFImageCache.m in Sources */ = {isa = PBXBuildFile; fileRef = 8AFB71A8149D48C40010E6E1 /* AFImageCache.m */; settings = {COMPILER_FLAGS = "-fno-objc-arc"; }; };
		8AFB71BC149D48C40010E6E1 /* AFImageRequestOperation.m in Sources */ = {isa = PBXBuildFile; fileRef = 8AFB71AA149D48C40010E6E1 /* AFImageRequestOperation.m */; settings = {COMPILER_FLAGS = "-fno-objc-arc"; }; };
		8AFB71BD149D48C40010E6E1 /* AFJSONRequestOperation.m in Sources */ = {isa = PBXBuildFile; fileRef = 8AFB71AC149D48C40010E6E1 /* AFJSONRequestOperation.m */; settings = {COMPILER_FLAGS = "-fno-objc-arc"; }; };
		8AFB71BE149D48C40010E6E1 /* AFNetworkActivityIndicatorManager.m in Sources */ = {isa = PBXBuildFile; fileRef = 8AFB71AF149D48C40010E6E1 /* AFNetworkActivityIndicatorManager.m */; settings = {COMPILER_FLAGS = "-fno-objc-arc"; }; };
		8AFB71BF149D48C40010E6E1 /* AFPropertyListRequestOperation.m in Sources */ = {isa = PBXBuildFile; fileRef = 8AFB71B2149D48C40010E6E1 /* AFPropertyListRequestOperation.m */; settings = {COMPILER_FLAGS = "-fno-objc-arc"; }; };
		8AFB71C0149D48C40010E6E1 /* AFURLConnectionOperation.m in Sources */ = {isa = PBXBuildFile; fileRef = 8AFB71B4149D48C40010E6E1 /* AFURLConnectionOperation.m */; settings = {COMPILER_FLAGS = "-fno-objc-arc"; }; };
		8AFB71C1149D48C40010E6E1 /* AFXMLRequestOperation.m in Sources */ = {isa = PBXBuildFile; fileRef = 8AFB71B6149D48C40010E6E1 /* AFXMLRequestOperation.m */; settings = {COMPILER_FLAGS = "-fno-objc-arc"; }; };
		8AFB71C2149D48C40010E6E1 /* UIImageView+AFNetworking.m in Sources */ = {isa = PBXBuildFile; fileRef = 8AFB71B8149D48C40010E6E1 /* UIImageView+AFNetworking.m */; settings = {COMPILER_FLAGS = "-fno-objc-arc"; }; };
		8AFB71CE149E0FBD0010E6E1 /* GWSpotifySearcher.m in Sources */ = {isa = PBXBuildFile; fileRef = 8AFB71CD149E0FBD0010E6E1 /* GWSpotifySearcher.m */; };
		8AFB71D1149E47DB0010E6E1 /* LevelMeterView.m in Sources */ = {isa = PBXBuildFile; fileRef = 8AFB71D0149E47DB0010E6E1 /* LevelMeterView.m */; settings = {COMPILER_FLAGS = "-fno-objc-arc"; }; };
		8AFB721C149FD9B80010E6E1 /* GWTrackView.m in Sources */ = {isa = PBXBuildFile; fileRef = 8AFB721B149FD9B80010E6E1 /* GWTrackView.m */; };
		8AFB721E149FD9CF0010E6E1 /* GWTrackView.xib in Resources */ = {isa = PBXBuildFile; fileRef = 8AFB721D149FD9CF0010E6E1 /* GWTrackView.xib */; };
/* End PBXBuildFile section */

/* Begin PBXContainerItemProxy section */
		8AC5D9C9149D09B800A63579 /* PBXContainerItemProxy */ = {
			isa = PBXContainerItemProxy;
			containerPortal = 8AC5D99A149D09B800A63579 /* Project object */;
			proxyType = 1;
			remoteGlobalIDString = 8AC5D9A2149D09B800A63579;
			remoteInfo = Radio;
		};
/* End PBXContainerItemProxy section */

/* Begin PBXFileReference section */
		8A0C14B714A9E62800F8D2B3 /* GWRadioApp.h */ = {isa = PBXFileReference; fileEncoding = 4; lastKnownFileType = sourcecode.c.h; path = GWRadioApp.h; sourceTree = "<group>"; };
		8A0C14B814A9F7DA00F8D2B3 /* P3.json */ = {isa = PBXFileReference; fileEncoding = 4; lastKnownFileType = text; path = P3.json; sourceTree = "<group>"; };
		8A0C14B914A9F7DA00F8D2B3 /* RadioStations.plist */ = {isa = PBXFileReference; fileEncoding = 4; lastKnownFileType = text.plist.xml; path = RadioStations.plist; sourceTree = "<group>"; };
		8A0C14BC14A9F82A00F8D2B3 /* p3_test_1.json */ = {isa = PBXFileReference; fileEncoding = 4; lastKnownFileType = text; path = p3_test_1.json; sourceTree = "<group>"; };
		8A0C14BE14A9F84000F8D2B3 /* p3_test_2.json */ = {isa = PBXFileReference; fileEncoding = 4; lastKnownFileType = text; path = p3_test_2.json; sourceTree = "<group>"; };
		8A0C14C014A9F86B00F8D2B3 /* p3_test_3.json */ = {isa = PBXFileReference; fileEncoding = 4; lastKnownFileType = text; path = p3_test_3.json; sourceTree = "<group>"; };
		8A0C14C214A9F88F00F8D2B3 /* p3_test_4.json */ = {isa = PBXFileReference; fileEncoding = 4; lastKnownFileType = text; path = p3_test_4.json; sourceTree = "<group>"; };
		8A0C14C414AA06F000F8D2B3 /* GWStationTunerView.h */ = {isa = PBXFileReference; fileEncoding = 4; lastKnownFileType = sourcecode.c.h; path = GWStationTunerView.h; sourceTree = "<group>"; };
		8A0C14C514AA06F000F8D2B3 /* GWStationTunerView.m */ = {isa = PBXFileReference; fileEncoding = 4; lastKnownFileType = sourcecode.c.objc; path = GWStationTunerView.m; sourceTree = "<group>"; };
		8AC5D9A3149D09B800A63579 /* Radio.app */ = {isa = PBXFileReference; explicitFileType = wrapper.application; includeInIndex = 0; path = Radio.app; sourceTree = BUILT_PRODUCTS_DIR; };
		8AC5D9A7149D09B800A63579 /* UIKit.framework */ = {isa = PBXFileReference; lastKnownFileType = wrapper.framework; name = UIKit.framework; path = System/Library/Frameworks/UIKit.framework; sourceTree = SDKROOT; };
		8AC5D9A9149D09B800A63579 /* Foundation.framework */ = {isa = PBXFileReference; lastKnownFileType = wrapper.framework; name = Foundation.framework; path = System/Library/Frameworks/Foundation.framework; sourceTree = SDKROOT; };
		8AC5D9AB149D09B800A63579 /* CoreGraphics.framework */ = {isa = PBXFileReference; lastKnownFileType = wrapper.framework; name = CoreGraphics.framework; path = System/Library/Frameworks/CoreGraphics.framework; sourceTree = SDKROOT; };
		8AC5D9AF149D09B800A63579 /* Radio-Info.plist */ = {isa = PBXFileReference; lastKnownFileType = text.plist.xml; path = "Radio-Info.plist"; sourceTree = "<group>"; };
		8AC5D9B1149D09B800A63579 /* en */ = {isa = PBXFileReference; lastKnownFileType = text.plist.strings; name = en; path = en.lproj/InfoPlist.strings; sourceTree = "<group>"; };
		8AC5D9B3149D09B800A63579 /* main.m */ = {isa = PBXFileReference; lastKnownFileType = sourcecode.c.objc; path = main.m; sourceTree = "<group>"; };
		8AC5D9B5149D09B800A63579 /* Radio-Prefix.pch */ = {isa = PBXFileReference; lastKnownFileType = sourcecode.c.h; path = "Radio-Prefix.pch"; sourceTree = "<group>"; };
		8AC5D9B6149D09B800A63579 /* GWAppDelegate.h */ = {isa = PBXFileReference; lastKnownFileType = sourcecode.c.h; path = GWAppDelegate.h; sourceTree = "<group>"; };
		8AC5D9B7149D09B800A63579 /* GWAppDelegate.m */ = {isa = PBXFileReference; lastKnownFileType = sourcecode.c.objc; path = GWAppDelegate.m; sourceTree = "<group>"; };
		8AC5D9B9149D09B800A63579 /* GWViewController.h */ = {isa = PBXFileReference; lastKnownFileType = sourcecode.c.h; path = GWViewController.h; sourceTree = "<group>"; };
		8AC5D9BA149D09B800A63579 /* GWViewController.m */ = {isa = PBXFileReference; lastKnownFileType = sourcecode.c.objc; path = GWViewController.m; sourceTree = "<group>"; };
		8AC5D9BD149D09B800A63579 /* en */ = {isa = PBXFileReference; lastKnownFileType = file.xib; name = en; path = en.lproj/GWViewController.xib; sourceTree = "<group>"; };
		8AC5D9C4149D09B800A63579 /* RadioTests.octest */ = {isa = PBXFileReference; explicitFileType = wrapper.cfbundle; includeInIndex = 0; path = RadioTests.octest; sourceTree = BUILT_PRODUCTS_DIR; };
		8AC5D9C5149D09B800A63579 /* SenTestingKit.framework */ = {isa = PBXFileReference; lastKnownFileType = wrapper.framework; name = SenTestingKit.framework; path = Library/Frameworks/SenTestingKit.framework; sourceTree = DEVELOPER_DIR; };
		8AC5D9CD149D09B800A63579 /* RadioTests-Info.plist */ = {isa = PBXFileReference; lastKnownFileType = text.plist.xml; path = "RadioTests-Info.plist"; sourceTree = "<group>"; };
		8AC5D9CF149D09B800A63579 /* en */ = {isa = PBXFileReference; lastKnownFileType = text.plist.strings; name = en; path = en.lproj/InfoPlist.strings; sourceTree = "<group>"; };
		8AC5D9D1149D09B800A63579 /* RadioTests.h */ = {isa = PBXFileReference; lastKnownFileType = sourcecode.c.h; path = RadioTests.h; sourceTree = "<group>"; };
		8AC5D9D2149D09B800A63579 /* RadioTests.m */ = {isa = PBXFileReference; lastKnownFileType = sourcecode.c.objc; path = RadioTests.m; sourceTree = "<group>"; };
		8AC5D9E5149D158500A63579 /* AudioToolbox.framework */ = {isa = PBXFileReference; lastKnownFileType = wrapper.framework; name = AudioToolbox.framework; path = System/Library/Frameworks/AudioToolbox.framework; sourceTree = SDKROOT; };
		8AC5D9E7149D158D00A63579 /* MediaPlayer.framework */ = {isa = PBXFileReference; lastKnownFileType = wrapper.framework; name = MediaPlayer.framework; path = System/Library/Frameworks/MediaPlayer.framework; sourceTree = SDKROOT; };
		8AC5D9E9149D15BD00A63579 /* CFNetwork.framework */ = {isa = PBXFileReference; lastKnownFileType = wrapper.framework; name = CFNetwork.framework; path = System/Library/Frameworks/CFNetwork.framework; sourceTree = SDKROOT; };
		8AC5D9EC149D169900A63579 /* GWRadioStation.h */ = {isa = PBXFileReference; fileEncoding = 4; lastKnownFileType = sourcecode.c.h; path = GWRadioStation.h; sourceTree = "<group>"; };
		8AC5D9ED149D169900A63579 /* GWRadioStation.m */ = {isa = PBXFileReference; fileEncoding = 4; lastKnownFileType = sourcecode.c.objc; path = GWRadioStation.m; sourceTree = "<group>"; };
		8AC5D9F2149D214B00A63579 /* GWRadioTuner.h */ = {isa = PBXFileReference; fileEncoding = 4; lastKnownFileType = sourcecode.c.h; path = GWRadioTuner.h; sourceTree = "<group>"; };
		8AC5D9F3149D214B00A63579 /* GWRadioTuner.m */ = {isa = PBXFileReference; fileEncoding = 4; lastKnownFileType = sourcecode.c.objc; path = GWRadioTuner.m; sourceTree = "<group>"; };
		8AC5D9F5149D2EFA00A63579 /* AVFoundation.framework */ = {isa = PBXFileReference; lastKnownFileType = wrapper.framework; name = AVFoundation.framework; path = System/Library/Frameworks/AVFoundation.framework; sourceTree = SDKROOT; };
		8AC5D9F7149D317900A63579 /* AudioStreamer.h */ = {isa = PBXFileReference; fileEncoding = 4; lastKnownFileType = sourcecode.c.h; name = AudioStreamer.h; path = AudioStreamer/Classes/AudioStreamer.h; sourceTree = "<group>"; };
		8AC5D9F8149D317900A63579 /* AudioStreamer.m */ = {isa = PBXFileReference; fileEncoding = 4; lastKnownFileType = sourcecode.c.objc; name = AudioStreamer.m; path = AudioStreamer/Classes/AudioStreamer.m; sourceTree = "<group>"; };
		8AFB719F149D44220010E6E1 /* GWRadioStationMetadataCenter.h */ = {isa = PBXFileReference; fileEncoding = 4; lastKnownFileType = sourcecode.c.h; path = GWRadioStationMetadataCenter.h; sourceTree = "<group>"; };
		8AFB71A0149D44220010E6E1 /* GWRadioStationMetadataCenter.m */ = {isa = PBXFileReference; fileEncoding = 4; lastKnownFileType = sourcecode.c.objc; path = GWRadioStationMetadataCenter.m; sourceTree = "<group>"; };
		8AFB71A3149D48C40010E6E1 /* AFHTTPClient.h */ = {isa = PBXFileReference; fileEncoding = 4; lastKnownFileType = sourcecode.c.h; name = AFHTTPClient.h; path = AFNetworking/AFNetworking/AFHTTPClient.h; sourceTree = "<group>"; };
		8AFB71A4149D48C40010E6E1 /* AFHTTPClient.m */ = {isa = PBXFileReference; fileEncoding = 4; lastKnownFileType = sourcecode.c.objc; name = AFHTTPClient.m; path = AFNetworking/AFNetworking/AFHTTPClient.m; sourceTree = "<group>"; };
		8AFB71A5149D48C40010E6E1 /* AFHTTPRequestOperation.h */ = {isa = PBXFileReference; fileEncoding = 4; lastKnownFileType = sourcecode.c.h; name = AFHTTPRequestOperation.h; path = AFNetworking/AFNetworking/AFHTTPRequestOperation.h; sourceTree = "<group>"; };
		8AFB71A6149D48C40010E6E1 /* AFHTTPRequestOperation.m */ = {isa = PBXFileReference; fileEncoding = 4; lastKnownFileType = sourcecode.c.objc; name = AFHTTPRequestOperation.m; path = AFNetworking/AFNetworking/AFHTTPRequestOperation.m; sourceTree = "<group>"; };
		8AFB71A7149D48C40010E6E1 /* AFImageCache.h */ = {isa = PBXFileReference; fileEncoding = 4; lastKnownFileType = sourcecode.c.h; name = AFImageCache.h; path = AFNetworking/AFNetworking/AFImageCache.h; sourceTree = "<group>"; };
		8AFB71A8149D48C40010E6E1 /* AFImageCache.m */ = {isa = PBXFileReference; fileEncoding = 4; lastKnownFileType = sourcecode.c.objc; name = AFImageCache.m; path = AFNetworking/AFNetworking/AFImageCache.m; sourceTree = "<group>"; };
		8AFB71A9149D48C40010E6E1 /* AFImageRequestOperation.h */ = {isa = PBXFileReference; fileEncoding = 4; lastKnownFileType = sourcecode.c.h; name = AFImageRequestOperation.h; path = AFNetworking/AFNetworking/AFImageRequestOperation.h; sourceTree = "<group>"; };
		8AFB71AA149D48C40010E6E1 /* AFImageRequestOperation.m */ = {isa = PBXFileReference; fileEncoding = 4; lastKnownFileType = sourcecode.c.objc; name = AFImageRequestOperation.m; path = AFNetworking/AFNetworking/AFImageRequestOperation.m; sourceTree = "<group>"; };
		8AFB71AB149D48C40010E6E1 /* AFJSONRequestOperation.h */ = {isa = PBXFileReference; fileEncoding = 4; lastKnownFileType = sourcecode.c.h; name = AFJSONRequestOperation.h; path = AFNetworking/AFNetworking/AFJSONRequestOperation.h; sourceTree = "<group>"; };
		8AFB71AC149D48C40010E6E1 /* AFJSONRequestOperation.m */ = {isa = PBXFileReference; fileEncoding = 4; lastKnownFileType = sourcecode.c.objc; name = AFJSONRequestOperation.m; path = AFNetworking/AFNetworking/AFJSONRequestOperation.m; sourceTree = "<group>"; };
		8AFB71AD149D48C40010E6E1 /* AFJSONUtilities.h */ = {isa = PBXFileReference; fileEncoding = 4; lastKnownFileType = sourcecode.c.h; name = AFJSONUtilities.h; path = AFNetworking/AFNetworking/AFJSONUtilities.h; sourceTree = "<group>"; };
		8AFB71AE149D48C40010E6E1 /* AFNetworkActivityIndicatorManager.h */ = {isa = PBXFileReference; fileEncoding = 4; lastKnownFileType = sourcecode.c.h; name = AFNetworkActivityIndicatorManager.h; path = AFNetworking/AFNetworking/AFNetworkActivityIndicatorManager.h; sourceTree = "<group>"; };
		8AFB71AF149D48C40010E6E1 /* AFNetworkActivityIndicatorManager.m */ = {isa = PBXFileReference; fileEncoding = 4; lastKnownFileType = sourcecode.c.objc; name = AFNetworkActivityIndicatorManager.m; path = AFNetworking/AFNetworking/AFNetworkActivityIndicatorManager.m; sourceTree = "<group>"; };
		8AFB71B0149D48C40010E6E1 /* AFNetworking.h */ = {isa = PBXFileReference; fileEncoding = 4; lastKnownFileType = sourcecode.c.h; name = AFNetworking.h; path = AFNetworking/AFNetworking/AFNetworking.h; sourceTree = "<group>"; };
		8AFB71B1149D48C40010E6E1 /* AFPropertyListRequestOperation.h */ = {isa = PBXFileReference; fileEncoding = 4; lastKnownFileType = sourcecode.c.h; name = AFPropertyListRequestOperation.h; path = AFNetworking/AFNetworking/AFPropertyListRequestOperation.h; sourceTree = "<group>"; };
		8AFB71B2149D48C40010E6E1 /* AFPropertyListRequestOperation.m */ = {isa = PBXFileReference; fileEncoding = 4; lastKnownFileType = sourcecode.c.objc; name = AFPropertyListRequestOperation.m; path = AFNetworking/AFNetworking/AFPropertyListRequestOperation.m; sourceTree = "<group>"; };
		8AFB71B3149D48C40010E6E1 /* AFURLConnectionOperation.h */ = {isa = PBXFileReference; fileEncoding = 4; lastKnownFileType = sourcecode.c.h; name = AFURLConnectionOperation.h; path = AFNetworking/AFNetworking/AFURLConnectionOperation.h; sourceTree = "<group>"; };
		8AFB71B4149D48C40010E6E1 /* AFURLConnectionOperation.m */ = {isa = PBXFileReference; fileEncoding = 4; lastKnownFileType = sourcecode.c.objc; name = AFURLConnectionOperation.m; path = AFNetworking/AFNetworking/AFURLConnectionOperation.m; sourceTree = "<group>"; };
		8AFB71B5149D48C40010E6E1 /* AFXMLRequestOperation.h */ = {isa = PBXFileReference; fileEncoding = 4; lastKnownFileType = sourcecode.c.h; name = AFXMLRequestOperation.h; path = AFNetworking/AFNetworking/AFXMLRequestOperation.h; sourceTree = "<group>"; };
		8AFB71B6149D48C40010E6E1 /* AFXMLRequestOperation.m */ = {isa = PBXFileReference; fileEncoding = 4; lastKnownFileType = sourcecode.c.objc; name = AFXMLRequestOperation.m; path = AFNetworking/AFNetworking/AFXMLRequestOperation.m; sourceTree = "<group>"; };
		8AFB71B7149D48C40010E6E1 /* UIImageView+AFNetworking.h */ = {isa = PBXFileReference; fileEncoding = 4; lastKnownFileType = sourcecode.c.h; name = "UIImageView+AFNetworking.h"; path = "AFNetworking/AFNetworking/UIImageView+AFNetworking.h"; sourceTree = "<group>"; };
		8AFB71B8149D48C40010E6E1 /* UIImageView+AFNetworking.m */ = {isa = PBXFileReference; fileEncoding = 4; lastKnownFileType = sourcecode.c.objc; name = "UIImageView+AFNetworking.m"; path = "AFNetworking/AFNetworking/UIImageView+AFNetworking.m"; sourceTree = "<group>"; };
		8AFB71CC149E0FBD0010E6E1 /* GWSpotifySearcher.h */ = {isa = PBXFileReference; fileEncoding = 4; lastKnownFileType = sourcecode.c.h; path = GWSpotifySearcher.h; sourceTree = "<group>"; };
		8AFB71CD149E0FBD0010E6E1 /* GWSpotifySearcher.m */ = {isa = PBXFileReference; fileEncoding = 4; lastKnownFileType = sourcecode.c.objc; path = GWSpotifySearcher.m; sourceTree = "<group>"; };
		8AFB71CF149E47DB0010E6E1 /* LevelMeterView.h */ = {isa = PBXFileReference; fileEncoding = 4; lastKnownFileType = sourcecode.c.h; name = LevelMeterView.h; path = AudioStreamer/Classes/LevelMeterView.h; sourceTree = "<group>"; };
		8AFB71D0149E47DB0010E6E1 /* LevelMeterView.m */ = {isa = PBXFileReference; fileEncoding = 4; lastKnownFileType = sourcecode.c.objc; name = LevelMeterView.m; path = AudioStreamer/Classes/LevelMeterView.m; sourceTree = "<group>"; };
		8AFB721A149FD9B70010E6E1 /* GWTrackView.h */ = {isa = PBXFileReference; fileEncoding = 4; lastKnownFileType = sourcecode.c.h; path = GWTrackView.h; sourceTree = "<group>"; };
		8AFB721B149FD9B80010E6E1 /* GWTrackView.m */ = {isa = PBXFileReference; fileEncoding = 4; lastKnownFileType = sourcecode.c.objc; path = GWTrackView.m; sourceTree = "<group>"; };
		8AFB721D149FD9CF0010E6E1 /* GWTrackView.xib */ = {isa = PBXFileReference; fileEncoding = 4; lastKnownFileType = file.xib; path = GWTrackView.xib; sourceTree = "<group>"; };
/* End PBXFileReference section */

/* Begin PBXFrameworksBuildPhase section */
		8AC5D9A0149D09B800A63579 /* Frameworks */ = {
			isa = PBXFrameworksBuildPhase;
			buildActionMask = 2147483647;
			files = (
				8AC5D9F6149D2EFA00A63579 /* AVFoundation.framework in Frameworks */,
				8AC5D9EA149D15BD00A63579 /* CFNetwork.framework in Frameworks */,
				8AC5D9E8149D158D00A63579 /* MediaPlayer.framework in Frameworks */,
				8AC5D9E6149D158500A63579 /* AudioToolbox.framework in Frameworks */,
				8AC5D9A8149D09B800A63579 /* UIKit.framework in Frameworks */,
				8AC5D9AA149D09B800A63579 /* Foundation.framework in Frameworks */,
				8AC5D9AC149D09B800A63579 /* CoreGraphics.framework in Frameworks */,
			);
			runOnlyForDeploymentPostprocessing = 0;
		};
		8AC5D9C0149D09B800A63579 /* Frameworks */ = {
			isa = PBXFrameworksBuildPhase;
			buildActionMask = 2147483647;
			files = (
				8AC5D9C6149D09B800A63579 /* SenTestingKit.framework in Frameworks */,
				8AC5D9C7149D09B800A63579 /* UIKit.framework in Frameworks */,
				8AC5D9C8149D09B800A63579 /* Foundation.framework in Frameworks */,
			);
			runOnlyForDeploymentPostprocessing = 0;
		};
/* End PBXFrameworksBuildPhase section */

/* Begin PBXGroup section */
		8AC5D998149D09B800A63579 = {
			isa = PBXGroup;
			children = (
				8AC5D9AD149D09B800A63579 /* Radio */,
				8AC5D9CB149D09B800A63579 /* RadioTests */,
				8AC5D9A6149D09B800A63579 /* Frameworks */,
				8AC5D9A4149D09B800A63579 /* Products */,
			);
			sourceTree = "<group>";
		};
		8AC5D9A4149D09B800A63579 /* Products */ = {
			isa = PBXGroup;
			children = (
				8AC5D9A3149D09B800A63579 /* Radio.app */,
				8AC5D9C4149D09B800A63579 /* RadioTests.octest */,
			);
			name = Products;
			sourceTree = "<group>";
		};
		8AC5D9A6149D09B800A63579 /* Frameworks */ = {
			isa = PBXGroup;
			children = (
				8AC5D9F5149D2EFA00A63579 /* AVFoundation.framework */,
				8AC5D9E9149D15BD00A63579 /* CFNetwork.framework */,
				8AC5D9E7149D158D00A63579 /* MediaPlayer.framework */,
				8AC5D9E5149D158500A63579 /* AudioToolbox.framework */,
				8AC5D9A7149D09B800A63579 /* UIKit.framework */,
				8AC5D9A9149D09B800A63579 /* Foundation.framework */,
				8AC5D9AB149D09B800A63579 /* CoreGraphics.framework */,
				8AC5D9C5149D09B800A63579 /* SenTestingKit.framework */,
			);
			name = Frameworks;
			sourceTree = "<group>";
		};
		8AC5D9AD149D09B800A63579 /* Radio */ = {
			isa = PBXGroup;
			children = (
				8AC5D9EF149D17B800A63579 /* Data */,
				8AC5D9EB149D167900A63579 /* Classes */,
				8AC5D9B6149D09B800A63579 /* GWAppDelegate.h */,
				8AC5D9B7149D09B800A63579 /* GWAppDelegate.m */,
				8AC5D9B9149D09B800A63579 /* GWViewController.h */,
				8AC5D9BA149D09B800A63579 /* GWViewController.m */,
				8AC5D9BC149D09B800A63579 /* GWViewController.xib */,
				8AC5D9DC149D13A400A63579 /* Vendor */,
				8AC5D9AE149D09B800A63579 /* Supporting Files */,
				8A0C14B714A9E62800F8D2B3 /* GWRadioApp.h */,
			);
			path = Radio;
			sourceTree = "<group>";
		};
		8AC5D9AE149D09B800A63579 /* Supporting Files */ = {
			isa = PBXGroup;
			children = (
				8AC5D9AF149D09B800A63579 /* Radio-Info.plist */,
				8AC5D9B0149D09B800A63579 /* InfoPlist.strings */,
				8AC5D9B3149D09B800A63579 /* main.m */,
				8AC5D9B5149D09B800A63579 /* Radio-Prefix.pch */,
			);
			name = "Supporting Files";
			sourceTree = "<group>";
		};
		8AC5D9CB149D09B800A63579 /* RadioTests */ = {
			isa = PBXGroup;
			children = (
				8AC5D9D1149D09B800A63579 /* RadioTests.h */,
				8AC5D9D2149D09B800A63579 /* RadioTests.m */,
				8AC5D9CC149D09B800A63579 /* Supporting Files */,
			);
			path = RadioTests;
			sourceTree = "<group>";
		};
		8AC5D9CC149D09B800A63579 /* Supporting Files */ = {
			isa = PBXGroup;
			children = (
				8AC5D9CD149D09B800A63579 /* RadioTests-Info.plist */,
				8AC5D9CE149D09B800A63579 /* InfoPlist.strings */,
			);
			name = "Supporting Files";
			sourceTree = "<group>";
		};
		8AC5D9DC149D13A400A63579 /* Vendor */ = {
			isa = PBXGroup;
			children = (
				8AFB71C3149D48CA0010E6E1 /* AFNetworking */,
				8AFB71A2149D48910010E6E1 /* AudioStreamer */,
			);
			path = Vendor;
			sourceTree = "<group>";
		};
		8AC5D9EB149D167900A63579 /* Classes */ = {
			isa = PBXGroup;
			children = (
				8AC5D9EC149D169900A63579 /* GWRadioStation.h */,
				8AC5D9ED149D169900A63579 /* GWRadioStation.m */,
				8AC5D9F2149D214B00A63579 /* GWRadioTuner.h */,
				8AC5D9F3149D214B00A63579 /* GWRadioTuner.m */,
				8AFB719F149D44220010E6E1 /* GWRadioStationMetadataCenter.h */,
				8AFB71A0149D44220010E6E1 /* GWRadioStationMetadataCenter.m */,
				8AFB71CC149E0FBD0010E6E1 /* GWSpotifySearcher.h */,
				8AFB71CD149E0FBD0010E6E1 /* GWSpotifySearcher.m */,
				8AFB721A149FD9B70010E6E1 /* GWTrackView.h */,
				8AFB721B149FD9B80010E6E1 /* GWTrackView.m */,
				8AFB721D149FD9CF0010E6E1 /* GWTrackView.xib */,
				8A0C14C414AA06F000F8D2B3 /* GWStationTunerView.h */,
				8A0C14C514AA06F000F8D2B3 /* GWStationTunerView.m */,
			);
			path = Classes;
			sourceTree = "<group>";
		};
		8AC5D9EF149D17B800A63579 /* Data */ = {
			isa = PBXGroup;
			children = (
				8A0C14B814A9F7DA00F8D2B3 /* P3.json */,
				8A0C14B914A9F7DA00F8D2B3 /* RadioStations.plist */,
				8A0C14BC14A9F82A00F8D2B3 /* p3_test_1.json */,
				8A0C14BE14A9F84000F8D2B3 /* p3_test_2.json */,
				8A0C14C014A9F86B00F8D2B3 /* p3_test_3.json */,
				8A0C14C214A9F88F00F8D2B3 /* p3_test_4.json */,
			);
			path = Data;
			sourceTree = "<group>";
		};
		8AFB71A2149D48910010E6E1 /* AudioStreamer */ = {
			isa = PBXGroup;
			children = (
				8AFB71CF149E47DB0010E6E1 /* LevelMeterView.h */,
				8AFB71D0149E47DB0010E6E1 /* LevelMeterView.m */,
				8AC5D9F7149D317900A63579 /* AudioStreamer.h */,
				8AC5D9F8149D317900A63579 /* AudioStreamer.m */,
			);
			name = AudioStreamer;
			sourceTree = "<group>";
		};
		8AFB71C3149D48CA0010E6E1 /* AFNetworking */ = {
			isa = PBXGroup;
			children = (
				8AFB71A3149D48C40010E6E1 /* AFHTTPClient.h */,
				8AFB71A4149D48C40010E6E1 /* AFHTTPClient.m */,
				8AFB71A5149D48C40010E6E1 /* AFHTTPRequestOperation.h */,
				8AFB71A6149D48C40010E6E1 /* AFHTTPRequestOperation.m */,
				8AFB71A7149D48C40010E6E1 /* AFImageCache.h */,
				8AFB71A8149D48C40010E6E1 /* AFImageCache.m */,
				8AFB71A9149D48C40010E6E1 /* AFImageRequestOperation.h */,
				8AFB71AA149D48C40010E6E1 /* AFImageRequestOperation.m */,
				8AFB71AB149D48C40010E6E1 /* AFJSONRequestOperation.h */,
				8AFB71AC149D48C40010E6E1 /* AFJSONRequestOperation.m */,
				8AFB71AD149D48C40010E6E1 /* AFJSONUtilities.h */,
				8AFB71AE149D48C40010E6E1 /* AFNetworkActivityIndicatorManager.h */,
				8AFB71AF149D48C40010E6E1 /* AFNetworkActivityIndicatorManager.m */,
				8AFB71B0149D48C40010E6E1 /* AFNetworking.h */,
				8AFB71B1149D48C40010E6E1 /* AFPropertyListRequestOperation.h */,
				8AFB71B2149D48C40010E6E1 /* AFPropertyListRequestOperation.m */,
				8AFB71B3149D48C40010E6E1 /* AFURLConnectionOperation.h */,
				8AFB71B4149D48C40010E6E1 /* AFURLConnectionOperation.m */,
				8AFB71B5149D48C40010E6E1 /* AFXMLRequestOperation.h */,
				8AFB71B6149D48C40010E6E1 /* AFXMLRequestOperation.m */,
				8AFB71B7149D48C40010E6E1 /* UIImageView+AFNetworking.h */,
				8AFB71B8149D48C40010E6E1 /* UIImageView+AFNetworking.m */,
			);
			name = AFNetworking;
			sourceTree = "<group>";
		};
/* End PBXGroup section */

/* Begin PBXNativeTarget section */
		8AC5D9A2149D09B800A63579 /* Radio */ = {
			isa = PBXNativeTarget;
			buildConfigurationList = 8AC5D9D6149D09B800A63579 /* Build configuration list for PBXNativeTarget "Radio" */;
			buildPhases = (
				8AC5D99F149D09B800A63579 /* Sources */,
				8AC5D9A0149D09B800A63579 /* Frameworks */,
				8AC5D9A1149D09B800A63579 /* Resources */,
			);
			buildRules = (
			);
			dependencies = (
			);
			name = Radio;
			productName = Radio;
			productReference = 8AC5D9A3149D09B800A63579 /* Radio.app */;
			productType = "com.apple.product-type.application";
		};
		8AC5D9C3149D09B800A63579 /* RadioTests */ = {
			isa = PBXNativeTarget;
			buildConfigurationList = 8AC5D9D9149D09B800A63579 /* Build configuration list for PBXNativeTarget "RadioTests" */;
			buildPhases = (
				8AC5D9BF149D09B800A63579 /* Sources */,
				8AC5D9C0149D09B800A63579 /* Frameworks */,
				8AC5D9C1149D09B800A63579 /* Resources */,
				8AC5D9C2149D09B800A63579 /* ShellScript */,
			);
			buildRules = (
			);
			dependencies = (
				8AC5D9CA149D09B800A63579 /* PBXTargetDependency */,
			);
			name = RadioTests;
			productName = RadioTests;
			productReference = 8AC5D9C4149D09B800A63579 /* RadioTests.octest */;
			productType = "com.apple.product-type.bundle";
		};
/* End PBXNativeTarget section */

/* Begin PBXProject section */
		8AC5D99A149D09B800A63579 /* Project object */ = {
			isa = PBXProject;
			attributes = {
				LastUpgradeCheck = 0420;
			};
			buildConfigurationList = 8AC5D99D149D09B800A63579 /* Build configuration list for PBXProject "Radio" */;
			compatibilityVersion = "Xcode 3.2";
			developmentRegion = English;
			hasScannedForEncodings = 0;
			knownRegions = (
				en,
			);
			mainGroup = 8AC5D998149D09B800A63579;
			productRefGroup = 8AC5D9A4149D09B800A63579 /* Products */;
			projectDirPath = "";
			projectRoot = "";
			targets = (
				8AC5D9A2149D09B800A63579 /* Radio */,
				8AC5D9C3149D09B800A63579 /* RadioTests */,
			);
		};
/* End PBXProject section */

/* Begin PBXResourcesBuildPhase section */
		8AC5D9A1149D09B800A63579 /* Resources */ = {
			isa = PBXResourcesBuildPhase;
			buildActionMask = 2147483647;
			files = (
				8AC5D9B2149D09B800A63579 /* InfoPlist.strings in Resources */,
				8AC5D9BE149D09B800A63579 /* GWViewController.xib in Resources */,
				8AFB721E149FD9CF0010E6E1 /* GWTrackView.xib in Resources */,
				8A0C14BA14A9F7DA00F8D2B3 /* P3.json in Resources */,
				8A0C14BB14A9F7DA00F8D2B3 /* RadioStations.plist in Resources */,
				8A0C14BD14A9F82A00F8D2B3 /* p3_test_1.json in Resources */,
				8A0C14BF14A9F84000F8D2B3 /* p3_test_2.json in Resources */,
				8A0C14C114A9F86C00F8D2B3 /* p3_test_3.json in Resources */,
				8A0C14C314A9F88F00F8D2B3 /* p3_test_4.json in Resources */,
			);
			runOnlyForDeploymentPostprocessing = 0;
		};
		8AC5D9C1149D09B800A63579 /* Resources */ = {
			isa = PBXResourcesBuildPhase;
			buildActionMask = 2147483647;
			files = (
				8AC5D9D0149D09B800A63579 /* InfoPlist.strings in Resources */,
			);
			runOnlyForDeploymentPostprocessing = 0;
		};
/* End PBXResourcesBuildPhase section */

/* Begin PBXShellScriptBuildPhase section */
		8AC5D9C2149D09B800A63579 /* ShellScript */ = {
			isa = PBXShellScriptBuildPhase;
			buildActionMask = 2147483647;
			files = (
			);
			inputPaths = (
			);
			outputPaths = (
			);
			runOnlyForDeploymentPostprocessing = 0;
			shellPath = /bin/sh;
			shellScript = "# Run the unit tests in this test bundle.\n\"${SYSTEM_DEVELOPER_DIR}/Tools/RunUnitTests\"\n";
		};
/* End PBXShellScriptBuildPhase section */

/* Begin PBXSourcesBuildPhase section */
		8AC5D99F149D09B800A63579 /* Sources */ = {
			isa = PBXSourcesBuildPhase;
			buildActionMask = 2147483647;
			files = (
				8AC5D9B4149D09B800A63579 /* main.m in Sources */,
				8AC5D9B8149D09B800A63579 /* GWAppDelegate.m in Sources */,
				8AC5D9BB149D09B800A63579 /* GWViewController.m in Sources */,
				8AC5D9EE149D169900A63579 /* GWRadioStation.m in Sources */,
				8AC5D9F4149D214B00A63579 /* GWRadioTuner.m in Sources */,
				8AC5D9F9149D317900A63579 /* AudioStreamer.m in Sources */,
				8AFB71A1149D44220010E6E1 /* GWRadioStationMetadataCenter.m in Sources */,
				8AFB71B9149D48C40010E6E1 /* AFHTTPClient.m in Sources */,
				8AFB71BA149D48C40010E6E1 /* AFHTTPRequestOperation.m in Sources */,
				8AFB71BB149D48C40010E6E1 /* AFImageCache.m in Sources */,
				8AFB71BC149D48C40010E6E1 /* AFImageRequestOperation.m in Sources */,
				8AFB71BD149D48C40010E6E1 /* AFJSONRequestOperation.m in Sources */,
				8AFB71BE149D48C40010E6E1 /* AFNetworkActivityIndicatorManager.m in Sources */,
				8AFB71BF149D48C40010E6E1 /* AFPropertyListRequestOperation.m in Sources */,
				8AFB71C0149D48C40010E6E1 /* AFURLConnectionOperation.m in Sources */,
				8AFB71C1149D48C40010E6E1 /* AFXMLRequestOperation.m in Sources */,
				8AFB71C2149D48C40010E6E1 /* UIImageView+AFNetworking.m in Sources */,
				8AFB71CE149E0FBD0010E6E1 /* GWSpotifySearcher.m in Sources */,
				8AFB71D1149E47DB0010E6E1 /* LevelMeterView.m in Sources */,
				8AFB721C149FD9B80010E6E1 /* GWTrackView.m in Sources */,
				8A0C14C614AA06F000F8D2B3 /* GWStationTunerView.m in Sources */,
			);
			runOnlyForDeploymentPostprocessing = 0;
		};
		8AC5D9BF149D09B800A63579 /* Sources */ = {
			isa = PBXSourcesBuildPhase;
			buildActionMask = 2147483647;
			files = (
				8AC5D9D3149D09B800A63579 /* RadioTests.m in Sources */,
			);
			runOnlyForDeploymentPostprocessing = 0;
		};
/* End PBXSourcesBuildPhase section */

/* Begin PBXTargetDependency section */
		8AC5D9CA149D09B800A63579 /* PBXTargetDependency */ = {
			isa = PBXTargetDependency;
			target = 8AC5D9A2149D09B800A63579 /* Radio */;
			targetProxy = 8AC5D9C9149D09B800A63579 /* PBXContainerItemProxy */;
		};
/* End PBXTargetDependency section */

/* Begin PBXVariantGroup section */
		8AC5D9B0149D09B800A63579 /* InfoPlist.strings */ = {
			isa = PBXVariantGroup;
			children = (
				8AC5D9B1149D09B800A63579 /* en */,
			);
			name = InfoPlist.strings;
			sourceTree = "<group>";
		};
		8AC5D9BC149D09B800A63579 /* GWViewController.xib */ = {
			isa = PBXVariantGroup;
			children = (
				8AC5D9BD149D09B800A63579 /* en */,
			);
			name = GWViewController.xib;
			sourceTree = "<group>";
		};
		8AC5D9CE149D09B800A63579 /* InfoPlist.strings */ = {
			isa = PBXVariantGroup;
			children = (
				8AC5D9CF149D09B800A63579 /* en */,
			);
			name = InfoPlist.strings;
			sourceTree = "<group>";
		};
/* End PBXVariantGroup section */

/* Begin XCBuildConfiguration section */
		8AC5D9D4149D09B800A63579 /* Debug */ = {
			isa = XCBuildConfiguration;
			buildSettings = {
				ALWAYS_SEARCH_USER_PATHS = NO;
				ARCHS = "$(ARCHS_STANDARD_32_BIT)";
				CLANG_ENABLE_OBJC_ARC = YES;
				"CODE_SIGN_IDENTITY[sdk=iphoneos*]" = "iPhone Developer";
				COPY_PHASE_STRIP = NO;
				GCC_C_LANGUAGE_STANDARD = gnu99;
				GCC_DYNAMIC_NO_PIC = NO;
				GCC_OPTIMIZATION_LEVEL = 0;
				GCC_PREPROCESSOR_DEFINITIONS = (
					"DEBUG=1",
					"$(inherited)",
				);
				GCC_SYMBOLS_PRIVATE_EXTERN = NO;
				GCC_VERSION = com.apple.compilers.llvm.clang.1_0;
				GCC_WARN_ABOUT_MISSING_PROTOTYPES = YES;
				GCC_WARN_ABOUT_RETURN_TYPE = YES;
				GCC_WARN_UNUSED_VARIABLE = YES;
				IPHONEOS_DEPLOYMENT_TARGET = 5.0;
				"OTHER_CFLAGS[arch=*]" = "-DDEBUG=1";
				SDKROOT = iphoneos;
			};
			name = Debug;
		};
		8AC5D9D5149D09B800A63579 /* Release */ = {
			isa = XCBuildConfiguration;
			buildSettings = {
				ALWAYS_SEARCH_USER_PATHS = NO;
				ARCHS = "$(ARCHS_STANDARD_32_BIT)";
				CLANG_ENABLE_OBJC_ARC = YES;
				"CODE_SIGN_IDENTITY[sdk=iphoneos*]" = "iPhone Developer";
				COPY_PHASE_STRIP = YES;
				GCC_C_LANGUAGE_STANDARD = gnu99;
				GCC_VERSION = com.apple.compilers.llvm.clang.1_0;
				GCC_WARN_ABOUT_MISSING_PROTOTYPES = YES;
				GCC_WARN_ABOUT_RETURN_TYPE = YES;
				GCC_WARN_UNUSED_VARIABLE = YES;
				IPHONEOS_DEPLOYMENT_TARGET = 5.0;
				OTHER_CFLAGS = "-DNS_BLOCK_ASSERTIONS=1";
				SDKROOT = iphoneos;
				VALIDATE_PRODUCT = YES;
			};
			name = Release;
		};
		8AC5D9D7149D09B800A63579 /* Debug */ = {
			isa = XCBuildConfiguration;
			buildSettings = {
				GCC_PRECOMPILE_PREFIX_HEADER = YES;
				GCC_PREFIX_HEADER = "Radio/Radio-Prefix.pch";
				INFOPLIST_FILE = "Radio/Radio-Info.plist";
				PRODUCT_NAME = "$(TARGET_NAME)";
				WRAPPER_EXTENSION = app;
			};
			name = Debug;
		};
		8AC5D9D8149D09B800A63579 /* Release */ = {
			isa = XCBuildConfiguration;
			buildSettings = {
				GCC_PRECOMPILE_PREFIX_HEADER = YES;
				GCC_PREFIX_HEADER = "Radio/Radio-Prefix.pch";
				INFOPLIST_FILE = "Radio/Radio-Info.plist";
				PRODUCT_NAME = "$(TARGET_NAME)";
				WRAPPER_EXTENSION = app;
			};
			name = Release;
		};
		8AC5D9DA149D09B800A63579 /* Debug */ = {
			isa = XCBuildConfiguration;
			buildSettings = {
				BUNDLE_LOADER = "$(BUILT_PRODUCTS_DIR)/Radio.app/Radio";
				FRAMEWORK_SEARCH_PATHS = (
					"$(SDKROOT)/Developer/Library/Frameworks",
					"$(DEVELOPER_LIBRARY_DIR)/Frameworks",
				);
				GCC_PRECOMPILE_PREFIX_HEADER = YES;
				GCC_PREFIX_HEADER = "Radio/Radio-Prefix.pch";
				INFOPLIST_FILE = "RadioTests/RadioTests-Info.plist";
				PRODUCT_NAME = "$(TARGET_NAME)";
				TEST_HOST = "$(BUNDLE_LOADER)";
				WRAPPER_EXTENSION = octest;
			};
			name = Debug;
		};
		8AC5D9DB149D09B800A63579 /* Release */ = {
			isa = XCBuildConfiguration;
			buildSettings = {
				BUNDLE_LOADER = "$(BUILT_PRODUCTS_DIR)/Radio.app/Radio";
				FRAMEWORK_SEARCH_PATHS = (
					"$(SDKROOT)/Developer/Library/Frameworks",
					"$(DEVELOPER_LIBRARY_DIR)/Frameworks",
				);
				GCC_PRECOMPILE_PREFIX_HEADER = YES;
				GCC_PREFIX_HEADER = "Radio/Radio-Prefix.pch";
				INFOPLIST_FILE = "RadioTests/RadioTests-Info.plist";
				PRODUCT_NAME = "$(TARGET_NAME)";
				TEST_HOST = "$(BUNDLE_LOADER)";
				WRAPPER_EXTENSION = octest;
			};
			name = Release;
		};
/* End XCBuildConfiguration section */

/* Begin XCConfigurationList section */
		8AC5D99D149D09B800A63579 /* Build configuration list for PBXProject "Radio" */ = {
			isa = XCConfigurationList;
			buildConfigurations = (
				8AC5D9D4149D09B800A63579 /* Debug */,
				8AC5D9D5149D09B800A63579 /* Release */,
			);
			defaultConfigurationIsVisible = 0;
			defaultConfigurationName = Release;
		};
		8AC5D9D6149D09B800A63579 /* Build configuration list for PBXNativeTarget "Radio" */ = {
			isa = XCConfigurationList;
			buildConfigurations = (
				8AC5D9D7149D09B800A63579 /* Debug */,
				8AC5D9D8149D09B800A63579 /* Release */,
			);
			defaultConfigurationIsVisible = 0;
			defaultConfigurationName = Release;
		};
		8AC5D9D9149D09B800A63579 /* Build configuration list for PBXNativeTarget "RadioTests" */ = {
			isa = XCConfigurationList;
			buildConfigurations = (
				8AC5D9DA149D09B800A63579 /* Debug */,
				8AC5D9DB149D09B800A63579 /* Release */,
			);
			defaultConfigurationIsVisible = 0;
			defaultConfigurationName = Release;
		};
/* End XCConfigurationList section */
	};
	rootObject = 8AC5D99A149D09B800A63579 /* Project object */;
}
