// !$*UTF8*$!
{
	archiveVersion = 1;
	classes = {
	};
	objectVersion = 46;
	objects = {

/* Begin PBXBuildFile section */
		8A0C14BA14A9F7DA00F8D2B3 /* P3.json in Resources */ = {isa = PBXBuildFile; fileRef = 8A0C14B814A9F7DA00F8D2B3 /* P3.json */; };
		8A0C14BB14A9F7DA00F8D2B3 /* RadioStations.plist in Resources */ = {isa = PBXBuildFile; fileRef = 8A0C14B914A9F7DA00F8D2B3 /* RadioStations.plist */; };
		8A0C14BD14A9F82A00F8D2B3 /* p3_test_1.json in Resources */ = {isa = PBXBuildFile; fileRef = 8A0C14BC14A9F82A00F8D2B3 /* p3_test_1.json */; };
		8A0C14BF14A9F84000F8D2B3 /* p3_test_2.json in Resources */ = {isa = PBXBuildFile; fileRef = 8A0C14BE14A9F84000F8D2B3 /* p3_test_2.json */; };
		8A0C14C114A9F86C00F8D2B3 /* p3_test_3.json in Resources */ = {isa = PBXBuildFile; fileRef = 8A0C14C014A9F86B00F8D2B3 /* p3_test_3.json */; };
		8A0C14C314A9F88F00F8D2B3 /* p3_test_4.json in Resources */ = {isa = PBXBuildFile; fileRef = 8A0C14C214A9F88F00F8D2B3 /* p3_test_4.json */; };
		8A0C14C614AA06F000F8D2B3 /* GWStationTunerView.m in Sources */ = {isa = PBXBuildFile; fileRef = 8A0C14C514AA06F000F8D2B3 /* GWStationTunerView.m */; };
		8A0C4FAE14BA3EE200D2E864 /* GWFlipSideViewController.m in Sources */ = {isa = PBXBuildFile; fileRef = 8A0C4FAC14BA3EDF00D2E864 /* GWFlipSideViewController.m */; };
		8A0C4FAF14BA3EE200D2E864 /* GWFlipSideViewController.xib in Resources */ = {isa = PBXBuildFile; fileRef = 8A0C4FAD14BA3EDF00D2E864 /* GWFlipSideViewController.xib */; };
		8A0C4FB114BA3F6500D2E864 /* background_flipside@2x.png in Resources */ = {isa = PBXBuildFile; fileRef = 8A0C4FB014BA3F6500D2E864 /* background_flipside@2x.png */; };
		8A2BD82114B9F86F00A54316 /* OrderedDictionary.m in Sources */ = {isa = PBXBuildFile; fileRef = 8A2BD82014B9F86F00A54316 /* OrderedDictionary.m */; settings = {COMPILER_FLAGS = "-fno-objc-arc -Wno-missing-declarations -Wno-missing-prototypes"; }; };
		8A2BD82414B9F8CA00A54316 /* GWOrderedDictionary.m in Sources */ = {isa = PBXBuildFile; fileRef = 8A2BD82314B9F8CA00A54316 /* GWOrderedDictionary.m */; settings = {COMPILER_FLAGS = "-fno-objc-arc"; }; };
		8A3DA8A715B18ED40009E3F5 /* GWVolumeUnitMeterView.m in Sources */ = {isa = PBXBuildFile; fileRef = 8A3DA8A515B18ED40009E3F5 /* GWVolumeUnitMeterView.m */; };
		8A3DA8AC15B19CFD0009E3F5 /* AudioStreamer.m in Sources */ = {isa = PBXBuildFile; fileRef = 8A3DA8AB15B19CFD0009E3F5 /* AudioStreamer.m */; settings = {COMPILER_FLAGS = "-fno-objc-arc -Wno-extra-tokens -Wno-missing-prototypes"; }; };
		8A3DA8AE15B2FAEE0009E3F5 /* meter@2x.png in Resources */ = {isa = PBXBuildFile; fileRef = 8A3DA8AD15B2FAEE0009E3F5 /* meter@2x.png */; };
		8A3DA8B015B2FEFD0009E3F5 /* GWVolumeMeterView.xib in Resources */ = {isa = PBXBuildFile; fileRef = 8A3DA8AF15B2FEFD0009E3F5 /* GWVolumeMeterView.xib */; };
		8A40513414BA064A00C7BB42 /* background@2x.png in Resources */ = {isa = PBXBuildFile; fileRef = 8A40512E14BA064A00C7BB42 /* background@2x.png */; };
		8A40513514BA064A00C7BB42 /* button_airplay@2x.png in Resources */ = {isa = PBXBuildFile; fileRef = 8A40512F14BA064A00C7BB42 /* button_airplay@2x.png */; };
		8A40513614BA064A00C7BB42 /* button_info@2x.png in Resources */ = {isa = PBXBuildFile; fileRef = 8A40513014BA064A00C7BB42 /* button_info@2x.png */; };
		8A40513714BA064A00C7BB42 /* button_pause@2x.png in Resources */ = {isa = PBXBuildFile; fileRef = 8A40513114BA064A00C7BB42 /* button_pause@2x.png */; };
		8A40513814BA064A00C7BB42 /* button_play@2x.png in Resources */ = {isa = PBXBuildFile; fileRef = 8A40513214BA064A00C7BB42 /* button_play@2x.png */; };
		8A40513914BA064A00C7BB42 /* button_spotify@2x.png in Resources */ = {isa = PBXBuildFile; fileRef = 8A40513314BA064A00C7BB42 /* button_spotify@2x.png */; };
		8A40513F14BA156500C7BB42 /* GWGlowingLabel.m in Sources */ = {isa = PBXBuildFile; fileRef = 8A40513E14BA156500C7BB42 /* GWGlowingLabel.m */; };
		8A7871F015B0F20700882FB3 /* AFHTTPClient.m in Sources */ = {isa = PBXBuildFile; fileRef = 8A7871DC15B0F20700882FB3 /* AFHTTPClient.m */; settings = {COMPILER_FLAGS = "-fno-objc-arc"; }; };
		8A7871F115B0F20700882FB3 /* AFHTTPRequestOperation.m in Sources */ = {isa = PBXBuildFile; fileRef = 8A7871DE15B0F20700882FB3 /* AFHTTPRequestOperation.m */; settings = {COMPILER_FLAGS = "-fno-objc-arc"; }; };
		8A7871F215B0F20700882FB3 /* AFImageRequestOperation.m in Sources */ = {isa = PBXBuildFile; fileRef = 8A7871E015B0F20700882FB3 /* AFImageRequestOperation.m */; settings = {COMPILER_FLAGS = "-fno-objc-arc"; }; };
		8A7871F315B0F20700882FB3 /* AFJSONRequestOperation.m in Sources */ = {isa = PBXBuildFile; fileRef = 8A7871E215B0F20700882FB3 /* AFJSONRequestOperation.m */; settings = {COMPILER_FLAGS = "-fno-objc-arc"; }; };
		8A7871F415B0F20700882FB3 /* AFJSONUtilities.m in Sources */ = {isa = PBXBuildFile; fileRef = 8A7871E415B0F20700882FB3 /* AFJSONUtilities.m */; settings = {COMPILER_FLAGS = "-fno-objc-arc"; }; };
		8A7871F515B0F20700882FB3 /* AFNetworkActivityIndicatorManager.m in Sources */ = {isa = PBXBuildFile; fileRef = 8A7871E615B0F20700882FB3 /* AFNetworkActivityIndicatorManager.m */; settings = {COMPILER_FLAGS = "-fno-objc-arc"; }; };
		8A7871F615B0F20700882FB3 /* AFPropertyListRequestOperation.m in Sources */ = {isa = PBXBuildFile; fileRef = 8A7871E915B0F20700882FB3 /* AFPropertyListRequestOperation.m */; settings = {COMPILER_FLAGS = "-fno-objc-arc"; }; };
		8A7871F715B0F20700882FB3 /* AFURLConnectionOperation.m in Sources */ = {isa = PBXBuildFile; fileRef = 8A7871EB15B0F20700882FB3 /* AFURLConnectionOperation.m */; settings = {COMPILER_FLAGS = "-fno-objc-arc"; }; };
		8A7871F815B0F20700882FB3 /* AFXMLRequestOperation.m in Sources */ = {isa = PBXBuildFile; fileRef = 8A7871ED15B0F20700882FB3 /* AFXMLRequestOperation.m */; settings = {COMPILER_FLAGS = "-fno-objc-arc"; }; };
		8A7871F915B0F20700882FB3 /* UIImageView+AFNetworking.m in Sources */ = {isa = PBXBuildFile; fileRef = 8A7871EF15B0F20700882FB3 /* UIImageView+AFNetworking.m */; settings = {COMPILER_FLAGS = "-fno-objc-arc"; }; };
		8AA04CF015B084620015F507 /* dots@2x.png in Resources */ = {isa = PBXBuildFile; fileRef = 8AA04CEF15B084620015F507 /* dots@2x.png */; };
		8AA0EA4514C2F4C30096A6A4 /* GWTrackScollView.m in Sources */ = {isa = PBXBuildFile; fileRef = 8AA0EA4414C2F4C30096A6A4 /* GWTrackScollView.m */; };
		8AC5D9A8149D09B800A63579 /* UIKit.framework in Frameworks */ = {isa = PBXBuildFile; fileRef = 8AC5D9A7149D09B800A63579 /* UIKit.framework */; };
		8AC5D9AA149D09B800A63579 /* Foundation.framework in Frameworks */ = {isa = PBXBuildFile; fileRef = 8AC5D9A9149D09B800A63579 /* Foundation.framework */; };
		8AC5D9AC149D09B800A63579 /* CoreGraphics.framework in Frameworks */ = {isa = PBXBuildFile; fileRef = 8AC5D9AB149D09B800A63579 /* CoreGraphics.framework */; };
		8AC5D9B2149D09B800A63579 /* InfoPlist.strings in Resources */ = {isa = PBXBuildFile; fileRef = 8AC5D9B0149D09B800A63579 /* InfoPlist.strings */; };
		8AC5D9B4149D09B800A63579 /* main.m in Sources */ = {isa = PBXBuildFile; fileRef = 8AC5D9B3149D09B800A63579 /* main.m */; };
		8AC5D9B8149D09B800A63579 /* GWAppDelegate.m in Sources */ = {isa = PBXBuildFile; fileRef = 8AC5D9B7149D09B800A63579 /* GWAppDelegate.m */; };
		8AC5D9BB149D09B800A63579 /* GWViewController.m in Sources */ = {isa = PBXBuildFile; fileRef = 8AC5D9BA149D09B800A63579 /* GWViewController.m */; };
		8AC5D9BE149D09B800A63579 /* GWViewController.xib in Resources */ = {isa = PBXBuildFile; fileRef = 8AC5D9BC149D09B800A63579 /* GWViewController.xib */; };
		8AC5D9C6149D09B800A63579 /* SenTestingKit.framework in Frameworks */ = {isa = PBXBuildFile; fileRef = 8AC5D9C5149D09B800A63579 /* SenTestingKit.framework */; };
		8AC5D9C7149D09B800A63579 /* UIKit.framework in Frameworks */ = {isa = PBXBuildFile; fileRef = 8AC5D9A7149D09B800A63579 /* UIKit.framework */; };
		8AC5D9C8149D09B800A63579 /* Foundation.framework in Frameworks */ = {isa = PBXBuildFile; fileRef = 8AC5D9A9149D09B800A63579 /* Foundation.framework */; };
		8AC5D9D0149D09B800A63579 /* InfoPlist.strings in Resources */ = {isa = PBXBuildFile; fileRef = 8AC5D9CE149D09B800A63579 /* InfoPlist.strings */; };
		8AC5D9D3149D09B800A63579 /* RadioTests.m in Sources */ = {isa = PBXBuildFile; fileRef = 8AC5D9D2149D09B800A63579 /* RadioTests.m */; };
		8AC5D9E6149D158500A63579 /* AudioToolbox.framework in Frameworks */ = {isa = PBXBuildFile; fileRef = 8AC5D9E5149D158500A63579 /* AudioToolbox.framework */; };
		8AC5D9E8149D158D00A63579 /* MediaPlayer.framework in Frameworks */ = {isa = PBXBuildFile; fileRef = 8AC5D9E7149D158D00A63579 /* MediaPlayer.framework */; };
		8AC5D9EA149D15BD00A63579 /* CFNetwork.framework in Frameworks */ = {isa = PBXBuildFile; fileRef = 8AC5D9E9149D15BD00A63579 /* CFNetwork.framework */; };
		8AC5D9EE149D169900A63579 /* GWRadioStation.m in Sources */ = {isa = PBXBuildFile; fileRef = 8AC5D9ED149D169900A63579 /* GWRadioStation.m */; };
		8AC5D9F4149D214B00A63579 /* GWRadioTuner.m in Sources */ = {isa = PBXBuildFile; fileRef = 8AC5D9F3149D214B00A63579 /* GWRadioTuner.m */; };
		8AC5D9F6149D2EFA00A63579 /* AVFoundation.framework in Frameworks */ = {isa = PBXBuildFile; fileRef = 8AC5D9F5149D2EFA00A63579 /* AVFoundation.framework */; };
		8AFB71A1149D44220010E6E1 /* GWRadioStationMetadataCenter.m in Sources */ = {isa = PBXBuildFile; fileRef = 8AFB71A0149D44220010E6E1 /* GWRadioStationMetadataCenter.m */; };
		8AFB71CE149E0FBD0010E6E1 /* GWSpotifySearcher.m in Sources */ = {isa = PBXBuildFile; fileRef = 8AFB71CD149E0FBD0010E6E1 /* GWSpotifySearcher.m */; };
		8AFB721C149FD9B80010E6E1 /* GWTrackView.m in Sources */ = {isa = PBXBuildFile; fileRef = 8AFB721B149FD9B80010E6E1 /* GWTrackView.m */; };
		8AFB721E149FD9CF0010E6E1 /* GWTrackView.xib in Resources */ = {isa = PBXBuildFile; fileRef = 8AFB721D149FD9CF0010E6E1 /* GWTrackView.xib */; };
/* End PBXBuildFile section */

/* Begin PBXContainerItemProxy section */
		8AC5D9C9149D09B800A63579 /* PBXContainerItemProxy */ = {
			isa = PBXContainerItemProxy;
			containerPortal = 8AC5D99A149D09B800A63579 /* Project object */;
			proxyType = 1;
			remoteGlobalIDString = 8AC5D9A2149D09B800A63579;
			remoteInfo = Radio;
		};
/* End PBXContainerItemProxy section */

/* Begin PBXFileReference section */
		8A0C14B714A9E62800F8D2B3 /* GWRadioApp.h */ = {isa = PBXFileReference; fileEncoding = 4; lastKnownFileType = sourcecode.c.h; path = GWRadioApp.h; sourceTree = "<group>"; };
		8A0C14B814A9F7DA00F8D2B3 /* P3.json */ = {isa = PBXFileReference; fileEncoding = 4; lastKnownFileType = text; path = P3.json; sourceTree = "<group>"; };
		8A0C14B914A9F7DA00F8D2B3 /* RadioStations.plist */ = {isa = PBXFileReference; fileEncoding = 4; lastKnownFileType = text.plist.xml; path = RadioStations.plist; sourceTree = "<group>"; };
		8A0C14BC14A9F82A00F8D2B3 /* p3_test_1.json */ = {isa = PBXFileReference; fileEncoding = 4; lastKnownFileType = text; path = p3_test_1.json; sourceTree = "<group>"; };
		8A0C14BE14A9F84000F8D2B3 /* p3_test_2.json */ = {isa = PBXFileReference; fileEncoding = 4; lastKnownFileType = text; path = p3_test_2.json; sourceTree = "<group>"; };
		8A0C14C014A9F86B00F8D2B3 /* p3_test_3.json */ = {isa = PBXFileReference; fileEncoding = 4; lastKnownFileType = text; path = p3_test_3.json; sourceTree = "<group>"; };
		8A0C14C214A9F88F00F8D2B3 /* p3_test_4.json */ = {isa = PBXFileReference; fileEncoding = 4; lastKnownFileType = text; path = p3_test_4.json; sourceTree = "<group>"; };
		8A0C14C414AA06F000F8D2B3 /* GWStationTunerView.h */ = {isa = PBXFileReference; fileEncoding = 4; lastKnownFileType = sourcecode.c.h; path = GWStationTunerView.h; sourceTree = "<group>"; };
		8A0C14C514AA06F000F8D2B3 /* GWStationTunerView.m */ = {isa = PBXFileReference; fileEncoding = 4; lastKnownFileType = sourcecode.c.objc; path = GWStationTunerView.m; sourceTree = "<group>"; };
		8A0C4FAB14BA3EDE00D2E864 /* GWFlipSideViewController.h */ = {isa = PBXFileReference; fileEncoding = 4; lastKnownFileType = sourcecode.c.h; path = GWFlipSideViewController.h; sourceTree = "<group>"; };
		8A0C4FAC14BA3EDF00D2E864 /* GWFlipSideViewController.m */ = {isa = PBXFileReference; fileEncoding = 4; lastKnownFileType = sourcecode.c.objc; path = GWFlipSideViewController.m; sourceTree = "<group>"; };
		8A0C4FAD14BA3EDF00D2E864 /* GWFlipSideViewController.xib */ = {isa = PBXFileReference; fileEncoding = 4; lastKnownFileType = file.xib; path = GWFlipSideViewController.xib; sourceTree = "<group>"; };
		8A0C4FB014BA3F6500D2E864 /* background_flipside@2x.png */ = {isa = PBXFileReference; lastKnownFileType = image.png; path = "background_flipside@2x.png"; sourceTree = "<group>"; };
		8A2BD81F14B9F86F00A54316 /* OrderedDictionary.h */ = {isa = PBXFileReference; fileEncoding = 4; lastKnownFileType = sourcecode.c.h; path = OrderedDictionary.h; sourceTree = "<group>"; };
		8A2BD82014B9F86F00A54316 /* OrderedDictionary.m */ = {isa = PBXFileReference; fileEncoding = 4; lastKnownFileType = sourcecode.c.objc; path = OrderedDictionary.m; sourceTree = "<group>"; };
		8A2BD82214B9F8CA00A54316 /* GWOrderedDictionary.h */ = {isa = PBXFileReference; fileEncoding = 4; lastKnownFileType = sourcecode.c.h; name = GWOrderedDictionary.h; path = GWUtilities/GWOrderedDictionary.h; sourceTree = "<group>"; };
		8A2BD82314B9F8CA00A54316 /* GWOrderedDictionary.m */ = {isa = PBXFileReference; fileEncoding = 4; lastKnownFileType = sourcecode.c.objc; name = GWOrderedDictionary.m; path = GWUtilities/GWOrderedDictionary.m; sourceTree = "<group>"; };
		8A2BD82514B9FB6E00A54316 /* GWUtilities.h */ = {isa = PBXFileReference; fileEncoding = 4; lastKnownFileType = sourcecode.c.h; name = GWUtilities.h; path = GWUtilities/GWUtilities.h; sourceTree = "<group>"; };
		8A3DA8A415B18ED40009E3F5 /* GWVolumeUnitMeterView.h */ = {isa = PBXFileReference; fileEncoding = 4; lastKnownFileType = sourcecode.c.h; path = GWVolumeUnitMeterView.h; sourceTree = "<group>"; };
		8A3DA8A515B18ED40009E3F5 /* GWVolumeUnitMeterView.m */ = {isa = PBXFileReference; fileEncoding = 4; lastKnownFileType = sourcecode.c.objc; path = GWVolumeUnitMeterView.m; sourceTree = "<group>"; };
		8A3DA8AA15B19CFD0009E3F5 /* AudioStreamer.h */ = {isa = PBXFileReference; fileEncoding = 4; lastKnownFileType = sourcecode.c.h; path = AudioStreamer.h; sourceTree = "<group>"; };
		8A3DA8AB15B19CFD0009E3F5 /* AudioStreamer.m */ = {isa = PBXFileReference; fileEncoding = 4; lastKnownFileType = sourcecode.c.objc; path = AudioStreamer.m; sourceTree = "<group>"; };
		8A3DA8AD15B2FAEE0009E3F5 /* meter@2x.png */ = {isa = PBXFileReference; lastKnownFileType = image.png; path = "meter@2x.png"; sourceTree = "<group>"; };
		8A3DA8AF15B2FEFD0009E3F5 /* GWVolumeMeterView.xib */ = {isa = PBXFileReference; fileEncoding = 4; lastKnownFileType = file.xib; path = GWVolumeMeterView.xib; sourceTree = "<group>"; };
		8A40512E14BA064A00C7BB42 /* background@2x.png */ = {isa = PBXFileReference; lastKnownFileType = image.png; path = "background@2x.png"; sourceTree = "<group>"; };
		8A40512F14BA064A00C7BB42 /* button_airplay@2x.png */ = {isa = PBXFileReference; lastKnownFileType = image.png; path = "button_airplay@2x.png"; sourceTree = "<group>"; };
		8A40513014BA064A00C7BB42 /* button_info@2x.png */ = {isa = PBXFileReference; lastKnownFileType = image.png; path = "button_info@2x.png"; sourceTree = "<group>"; };
		8A40513114BA064A00C7BB42 /* button_pause@2x.png */ = {isa = PBXFileReference; lastKnownFileType = image.png; path = "button_pause@2x.png"; sourceTree = "<group>"; };
		8A40513214BA064A00C7BB42 /* button_play@2x.png */ = {isa = PBXFileReference; lastKnownFileType = image.png; path = "button_play@2x.png"; sourceTree = "<group>"; };
		8A40513314BA064A00C7BB42 /* button_spotify@2x.png */ = {isa = PBXFileReference; lastKnownFileType = image.png; path = "button_spotify@2x.png"; sourceTree = "<group>"; };
		8A40513D14BA156500C7BB42 /* GWGlowingLabel.h */ = {isa = PBXFileReference; fileEncoding = 4; lastKnownFileType = sourcecode.c.h; path = GWGlowingLabel.h; sourceTree = "<group>"; };
		8A40513E14BA156500C7BB42 /* GWGlowingLabel.m */ = {isa = PBXFileReference; fileEncoding = 4; lastKnownFileType = sourcecode.c.objc; path = GWGlowingLabel.m; sourceTree = "<group>"; };
		8A7871DB15B0F20700882FB3 /* AFHTTPClient.h */ = {isa = PBXFileReference; fileEncoding = 4; lastKnownFileType = sourcecode.c.h; path = AFHTTPClient.h; sourceTree = "<group>"; };
		8A7871DC15B0F20700882FB3 /* AFHTTPClient.m */ = {isa = PBXFileReference; fileEncoding = 4; lastKnownFileType = sourcecode.c.objc; path = AFHTTPClient.m; sourceTree = "<group>"; };
		8A7871DD15B0F20700882FB3 /* AFHTTPRequestOperation.h */ = {isa = PBXFileReference; fileEncoding = 4; lastKnownFileType = sourcecode.c.h; path = AFHTTPRequestOperation.h; sourceTree = "<group>"; };
		8A7871DE15B0F20700882FB3 /* AFHTTPRequestOperation.m */ = {isa = PBXFileReference; fileEncoding = 4; lastKnownFileType = sourcecode.c.objc; path = AFHTTPRequestOperation.m; sourceTree = "<group>"; };
		8A7871DF15B0F20700882FB3 /* AFImageRequestOperation.h */ = {isa = PBXFileReference; fileEncoding = 4; lastKnownFileType = sourcecode.c.h; path = AFImageRequestOperation.h; sourceTree = "<group>"; };
		8A7871E015B0F20700882FB3 /* AFImageRequestOperation.m */ = {isa = PBXFileReference; fileEncoding = 4; lastKnownFileType = sourcecode.c.objc; path = AFImageRequestOperation.m; sourceTree = "<group>"; };
		8A7871E115B0F20700882FB3 /* AFJSONRequestOperation.h */ = {isa = PBXFileReference; fileEncoding = 4; lastKnownFileType = sourcecode.c.h; path = AFJSONRequestOperation.h; sourceTree = "<group>"; };
		8A7871E215B0F20700882FB3 /* AFJSONRequestOperation.m */ = {isa = PBXFileReference; fileEncoding = 4; lastKnownFileType = sourcecode.c.objc; path = AFJSONRequestOperation.m; sourceTree = "<group>"; };
		8A7871E315B0F20700882FB3 /* AFJSONUtilities.h */ = {isa = PBXFileReference; fileEncoding = 4; lastKnownFileType = sourcecode.c.h; path = AFJSONUtilities.h; sourceTree = "<group>"; };
		8A7871E415B0F20700882FB3 /* AFJSONUtilities.m */ = {isa = PBXFileReference; fileEncoding = 4; lastKnownFileType = sourcecode.c.objc; path = AFJSONUtilities.m; sourceTree = "<group>"; };
		8A7871E515B0F20700882FB3 /* AFNetworkActivityIndicatorManager.h */ = {isa = PBXFileReference; fileEncoding = 4; lastKnownFileType = sourcecode.c.h; path = AFNetworkActivityIndicatorManager.h; sourceTree = "<group>"; };
		8A7871E615B0F20700882FB3 /* AFNetworkActivityIndicatorManager.m */ = {isa = PBXFileReference; fileEncoding = 4; lastKnownFileType = sourcecode.c.objc; path = AFNetworkActivityIndicatorManager.m; sourceTree = "<group>"; };
		8A7871E715B0F20700882FB3 /* AFNetworking.h */ = {isa = PBXFileReference; fileEncoding = 4; lastKnownFileType = sourcecode.c.h; path = AFNetworking.h; sourceTree = "<group>"; };
		8A7871E815B0F20700882FB3 /* AFPropertyListRequestOperation.h */ = {isa = PBXFileReference; fileEncoding = 4; lastKnownFileType = sourcecode.c.h; path = AFPropertyListRequestOperation.h; sourceTree = "<group>"; };
		8A7871E915B0F20700882FB3 /* AFPropertyListRequestOperation.m */ = {isa = PBXFileReference; fileEncoding = 4; lastKnownFileType = sourcecode.c.objc; path = AFPropertyListRequestOperation.m; sourceTree = "<group>"; };
		8A7871EA15B0F20700882FB3 /* AFURLConnectionOperation.h */ = {isa = PBXFileReference; fileEncoding = 4; lastKnownFileType = sourcecode.c.h; path = AFURLConnectionOperation.h; sourceTree = "<group>"; };
		8A7871EB15B0F20700882FB3 /* AFURLConnectionOperation.m */ = {isa = PBXFileReference; fileEncoding = 4; lastKnownFileType = sourcecode.c.objc; path = AFURLConnectionOperation.m; sourceTree = "<group>"; };
		8A7871EC15B0F20700882FB3 /* AFXMLRequestOperation.h */ = {isa = PBXFileReference; fileEncoding = 4; lastKnownFileType = sourcecode.c.h; path = AFXMLRequestOperation.h; sourceTree = "<group>"; };
		8A7871ED15B0F20700882FB3 /* AFXMLRequestOperation.m */ = {isa = PBXFileReference; fileEncoding = 4; lastKnownFileType = sourcecode.c.objc; path = AFXMLRequestOperation.m; sourceTree = "<group>"; };
		8A7871EE15B0F20700882FB3 /* UIImageView+AFNetworking.h */ = {isa = PBXFileReference; fileEncoding = 4; lastKnownFileType = sourcecode.c.h; path = "UIImageView+AFNetworking.h"; sourceTree = "<group>"; };
		8A7871EF15B0F20700882FB3 /* UIImageView+AFNetworking.m */ = {isa = PBXFileReference; fileEncoding = 4; lastKnownFileType = sourcecode.c.objc; path = "UIImageView+AFNetworking.m"; sourceTree = "<group>"; };
		8AA04CEF15B084620015F507 /* dots@2x.png */ = {isa = PBXFileReference; lastKnownFileType = image.png; path = "dots@2x.png"; sourceTree = "<group>"; };
		8AA0EA4314C2F4C30096A6A4 /* GWTrackScollView.h */ = {isa = PBXFileReference; fileEncoding = 4; lastKnownFileType = sourcecode.c.h; path = GWTrackScollView.h; sourceTree = "<group>"; };
		8AA0EA4414C2F4C30096A6A4 /* GWTrackScollView.m */ = {isa = PBXFileReference; fileEncoding = 4; lastKnownFileType = sourcecode.c.objc; path = GWTrackScollView.m; sourceTree = "<group>"; };
		8AC5D9A3149D09B800A63579 /* Radio.app */ = {isa = PBXFileReference; explicitFileType = wrapper.application; includeInIndex = 0; path = Radio.app; sourceTree = BUILT_PRODUCTS_DIR; };
		8AC5D9A7149D09B800A63579 /* UIKit.framework */ = {isa = PBXFileReference; lastKnownFileType = wrapper.framework; name = UIKit.framework; path = System/Library/Frameworks/UIKit.framework; sourceTree = SDKROOT; };
		8AC5D9A9149D09B800A63579 /* Foundation.framework */ = {isa = PBXFileReference; lastKnownFileType = wrapper.framework; name = Foundation.framework; path = System/Library/Frameworks/Foundation.framework; sourceTree = SDKROOT; };
		8AC5D9AB149D09B800A63579 /* CoreGraphics.framework */ = {isa = PBXFileReference; lastKnownFileType = wrapper.framework; name = CoreGraphics.framework; path = System/Library/Frameworks/CoreGraphics.framework; sourceTree = SDKROOT; };
		8AC5D9AF149D09B800A63579 /* Radio-Info.plist */ = {isa = PBXFileReference; lastKnownFileType = text.plist.xml; path = "Radio-Info.plist"; sourceTree = "<group>"; };
		8AC5D9B1149D09B800A63579 /* en */ = {isa = PBXFileReference; lastKnownFileType = text.plist.strings; name = en; path = en.lproj/InfoPlist.strings; sourceTree = "<group>"; };
		8AC5D9B3149D09B800A63579 /* main.m */ = {isa = PBXFileReference; lastKnownFileType = sourcecode.c.objc; path = main.m; sourceTree = "<group>"; };
		8AC5D9B5149D09B800A63579 /* Radio-Prefix.pch */ = {isa = PBXFileReference; lastKnownFileType = sourcecode.c.h; path = "Radio-Prefix.pch"; sourceTree = "<group>"; };
		8AC5D9B6149D09B800A63579 /* GWAppDelegate.h */ = {isa = PBXFileReference; lastKnownFileType = sourcecode.c.h; path = GWAppDelegate.h; sourceTree = "<group>"; };
		8AC5D9B7149D09B800A63579 /* GWAppDelegate.m */ = {isa = PBXFileReference; lastKnownFileType = sourcecode.c.objc; path = GWAppDelegate.m; sourceTree = "<group>"; };
		8AC5D9B9149D09B800A63579 /* GWViewController.h */ = {isa = PBXFileReference; lastKnownFileType = sourcecode.c.h; name = GWViewController.h; path = ../GWViewController.h; sourceTree = "<group>"; };
		8AC5D9BA149D09B800A63579 /* GWViewController.m */ = {isa = PBXFileReference; lastKnownFileType = sourcecode.c.objc; name = GWViewController.m; path = ../GWViewController.m; sourceTree = "<group>"; };
		8AC5D9BD149D09B800A63579 /* en */ = {isa = PBXFileReference; lastKnownFileType = file.xib; name = en; path = en.lproj/GWViewController.xib; sourceTree = "<group>"; };
		8AC5D9C4149D09B800A63579 /* RadioTests.octest */ = {isa = PBXFileReference; explicitFileType = wrapper.cfbundle; includeInIndex = 0; path = RadioTests.octest; sourceTree = BUILT_PRODUCTS_DIR; };
		8AC5D9C5149D09B800A63579 /* SenTestingKit.framework */ = {isa = PBXFileReference; lastKnownFileType = wrapper.framework; name = SenTestingKit.framework; path = Library/Frameworks/SenTestingKit.framework; sourceTree = DEVELOPER_DIR; };
		8AC5D9CD149D09B800A63579 /* RadioTests-Info.plist */ = {isa = PBXFileReference; lastKnownFileType = text.plist.xml; path = "RadioTests-Info.plist"; sourceTree = "<group>"; };
		8AC5D9CF149D09B800A63579 /* en */ = {isa = PBXFileReference; lastKnownFileType = text.plist.strings; name = en; path = en.lproj/InfoPlist.strings; sourceTree = "<group>"; };
		8AC5D9D1149D09B800A63579 /* RadioTests.h */ = {isa = PBXFileReference; lastKnownFileType = sourcecode.c.h; path = RadioTests.h; sourceTree = "<group>"; };
		8AC5D9D2149D09B800A63579 /* RadioTests.m */ = {isa = PBXFileReference; lastKnownFileType = sourcecode.c.objc; path = RadioTests.m; sourceTree = "<group>"; };
		8AC5D9E5149D158500A63579 /* AudioToolbox.framework */ = {isa = PBXFileReference; lastKnownFileType = wrapper.framework; name = AudioToolbox.framework; path = System/Library/Frameworks/AudioToolbox.framework; sourceTree = SDKROOT; };
		8AC5D9E7149D158D00A63579 /* MediaPlayer.framework */ = {isa = PBXFileReference; lastKnownFileType = wrapper.framework; name = MediaPlayer.framework; path = System/Library/Frameworks/MediaPlayer.framework; sourceTree = SDKROOT; };
		8AC5D9E9149D15BD00A63579 /* CFNetwork.framework */ = {isa = PBXFileReference; lastKnownFileType = wrapper.framework; name = CFNetwork.framework; path = System/Library/Frameworks/CFNetwork.framework; sourceTree = SDKROOT; };
		8AC5D9EC149D169900A63579 /* GWRadioStation.h */ = {isa = PBXFileReference; fileEncoding = 4; lastKnownFileType = sourcecode.c.h; path = GWRadioStation.h; sourceTree = "<group>"; };
		8AC5D9ED149D169900A63579 /* GWRadioStation.m */ = {isa = PBXFileReference; fileEncoding = 4; lastKnownFileType = sourcecode.c.objc; path = GWRadioStation.m; sourceTree = "<group>"; };
		8AC5D9F2149D214B00A63579 /* GWRadioTuner.h */ = {isa = PBXFileReference; fileEncoding = 4; lastKnownFileType = sourcecode.c.h; path = GWRadioTuner.h; sourceTree = "<group>"; };
		8AC5D9F3149D214B00A63579 /* GWRadioTuner.m */ = {isa = PBXFileReference; fileEncoding = 4; lastKnownFileType = sourcecode.c.objc; path = GWRadioTuner.m; sourceTree = "<group>"; };
		8AC5D9F5149D2EFA00A63579 /* AVFoundation.framework */ = {isa = PBXFileReference; lastKnownFileType = wrapper.framework; name = AVFoundation.framework; path = System/Library/Frameworks/AVFoundation.framework; sourceTree = SDKROOT; };
		8AFB719F149D44220010E6E1 /* GWRadioStationMetadataCenter.h */ = {isa = PBXFileReference; fileEncoding = 4; lastKnownFileType = sourcecode.c.h; path = GWRadioStationMetadataCenter.h; sourceTree = "<group>"; };
		8AFB71A0149D44220010E6E1 /* GWRadioStationMetadataCenter.m */ = {isa = PBXFileReference; fileEncoding = 4; lastKnownFileType = sourcecode.c.objc; path = GWRadioStationMetadataCenter.m; sourceTree = "<group>"; };
		8AFB71CC149E0FBD0010E6E1 /* GWSpotifySearcher.h */ = {isa = PBXFileReference; fileEncoding = 4; lastKnownFileType = sourcecode.c.h; path = GWSpotifySearcher.h; sourceTree = "<group>"; };
		8AFB71CD149E0FBD0010E6E1 /* GWSpotifySearcher.m */ = {isa = PBXFileReference; fileEncoding = 4; lastKnownFileType = sourcecode.c.objc; path = GWSpotifySearcher.m; sourceTree = "<group>"; };
		8AFB721A149FD9B70010E6E1 /* GWTrackView.h */ = {isa = PBXFileReference; fileEncoding = 4; lastKnownFileType = sourcecode.c.h; path = GWTrackView.h; sourceTree = "<group>"; };
		8AFB721B149FD9B80010E6E1 /* GWTrackView.m */ = {isa = PBXFileReference; fileEncoding = 4; lastKnownFileType = sourcecode.c.objc; path = GWTrackView.m; sourceTree = "<group>"; };
		8AFB721D149FD9CF0010E6E1 /* GWTrackView.xib */ = {isa = PBXFileReference; fileEncoding = 4; lastKnownFileType = file.xib; path = GWTrackView.xib; sourceTree = "<group>"; };
/* End PBXFileReference section */

/* Begin PBXFrameworksBuildPhase section */
		8AC5D9A0149D09B800A63579 /* Frameworks */ = {
			isa = PBXFrameworksBuildPhase;
			buildActionMask = 2147483647;
			files = (
				8AC5D9F6149D2EFA00A63579 /* AVFoundation.framework in Frameworks */,
				8AC5D9EA149D15BD00A63579 /* CFNetwork.framework in Frameworks */,
				8AC5D9E8149D158D00A63579 /* MediaPlayer.framework in Frameworks */,
				8AC5D9E6149D158500A63579 /* AudioToolbox.framework in Frameworks */,
				8AC5D9A8149D09B800A63579 /* UIKit.framework in Frameworks */,
				8AC5D9AA149D09B800A63579 /* Foundation.framework in Frameworks */,
				8AC5D9AC149D09B800A63579 /* CoreGraphics.framework in Frameworks */,
			);
			runOnlyForDeploymentPostprocessing = 0;
		};
		8AC5D9C0149D09B800A63579 /* Frameworks */ = {
			isa = PBXFrameworksBuildPhase;
			buildActionMask = 2147483647;
			files = (
				8AC5D9C6149D09B800A63579 /* SenTestingKit.framework in Frameworks */,
				8AC5D9C7149D09B800A63579 /* UIKit.framework in Frameworks */,
				8AC5D9C8149D09B800A63579 /* Foundation.framework in Frameworks */,
			);
			runOnlyForDeploymentPostprocessing = 0;
		};
/* End PBXFrameworksBuildPhase section */

/* Begin PBXGroup section */
		8A0C4FA914BA2DD100D2E864 /* Controllers */ = {
			isa = PBXGroup;
			children = (
				8AC5D9B9149D09B800A63579 /* GWViewController.h */,
				8AC5D9BA149D09B800A63579 /* GWViewController.m */,
				8A0C4FAB14BA3EDE00D2E864 /* GWFlipSideViewController.h */,
				8A0C4FAC14BA3EDF00D2E864 /* GWFlipSideViewController.m */,
			);
			name = Controllers;
			sourceTree = "<group>";
		};
		8A0C4FAA14BA352100D2E864 /* Generic */ = {
			isa = PBXGroup;
			children = (
				8A40513D14BA156500C7BB42 /* GWGlowingLabel.h */,
				8A40513E14BA156500C7BB42 /* GWGlowingLabel.m */,
			);
			name = Generic;
			sourceTree = "<group>";
		};
		8A2BD81C14B9F78500A54316 /* GWUtilities */ = {
			isa = PBXGroup;
			children = (
				8A2BD82214B9F8CA00A54316 /* GWOrderedDictionary.h */,
				8A2BD82314B9F8CA00A54316 /* GWOrderedDictionary.m */,
				8A2BD82514B9FB6E00A54316 /* GWUtilities.h */,
			);
			name = GWUtilities;
			sourceTree = "<group>";
		};
		8A2BD81E14B9F86F00A54316 /* OrderedDictionary */ = {
			isa = PBXGroup;
			children = (
				8A2BD81F14B9F86F00A54316 /* OrderedDictionary.h */,
				8A2BD82014B9F86F00A54316 /* OrderedDictionary.m */,
			);
			path = OrderedDictionary;
			sourceTree = "<group>";
		};
		8A3DA8A915B19CCE0009E3F5 /* AudioStreamer */ = {
			isa = PBXGroup;
			children = (
				8A3DA8AA15B19CFD0009E3F5 /* AudioStreamer.h */,
				8A3DA8AB15B19CFD0009E3F5 /* AudioStreamer.m */,
			);
			name = AudioStreamer;
			path = AudioStreamer/Classes;
			sourceTree = "<group>";
		};
		8A40512C14BA062E00C7BB42 /* Assets */ = {
			isa = PBXGroup;
			children = (
				8A3DA8AD15B2FAEE0009E3F5 /* meter@2x.png */,
				8AA04CEF15B084620015F507 /* dots@2x.png */,
				8A0C4FB014BA3F6500D2E864 /* background_flipside@2x.png */,
				8A40512E14BA064A00C7BB42 /* background@2x.png */,
				8A40512F14BA064A00C7BB42 /* button_airplay@2x.png */,
				8A40513014BA064A00C7BB42 /* button_info@2x.png */,
				8A40513114BA064A00C7BB42 /* button_pause@2x.png */,
				8A40513214BA064A00C7BB42 /* button_play@2x.png */,
				8A40513314BA064A00C7BB42 /* button_spotify@2x.png */,
			);
			path = Assets;
			sourceTree = "<group>";
		};
		8A40513A14BA0B3100C7BB42 /* Models */ = {
			isa = PBXGroup;
			children = (
				8AC5D9EC149D169900A63579 /* GWRadioStation.h */,
				8AC5D9ED149D169900A63579 /* GWRadioStation.m */,
				8AC5D9F2149D214B00A63579 /* GWRadioTuner.h */,
				8AC5D9F3149D214B00A63579 /* GWRadioTuner.m */,
				8AFB719F149D44220010E6E1 /* GWRadioStationMetadataCenter.h */,
				8AFB71A0149D44220010E6E1 /* GWRadioStationMetadataCenter.m */,
				8AFB71CC149E0FBD0010E6E1 /* GWSpotifySearcher.h */,
				8AFB71CD149E0FBD0010E6E1 /* GWSpotifySearcher.m */,
			);
			name = Models;
			sourceTree = "<group>";
		};
		8A40513B14BA10E000C7BB42 /* Views */ = {
			isa = PBXGroup;
			children = (
				8AFB721A149FD9B70010E6E1 /* GWTrackView.h */,
				8AFB721B149FD9B80010E6E1 /* GWTrackView.m */,
				8A0C14C414AA06F000F8D2B3 /* GWStationTunerView.h */,
				8A0C14C514AA06F000F8D2B3 /* GWStationTunerView.m */,
				8AA0EA4314C2F4C30096A6A4 /* GWTrackScollView.h */,
				8AA0EA4414C2F4C30096A6A4 /* GWTrackScollView.m */,
				8A3DA8A415B18ED40009E3F5 /* GWVolumeUnitMeterView.h */,
				8A3DA8A515B18ED40009E3F5 /* GWVolumeUnitMeterView.m */,
				8A0C4FAA14BA352100D2E864 /* Generic */,
			);
			name = Views;
			sourceTree = "<group>";
		};
		8A40513C14BA110800C7BB42 /* Interfaces */ = {
			isa = PBXGroup;
			children = (
				8A3DA8AF15B2FEFD0009E3F5 /* GWVolumeMeterView.xib */,
				8AFB721D149FD9CF0010E6E1 /* GWTrackView.xib */,
				8AC5D9BC149D09B800A63579 /* GWViewController.xib */,
				8A0C4FAD14BA3EDF00D2E864 /* GWFlipSideViewController.xib */,
			);
			name = Interfaces;
			sourceTree = "<group>";
		};
		8A7871DA15B0F1D000882FB3 /* AFNetworking */ = {
			isa = PBXGroup;
			children = (
				8A7871DB15B0F20700882FB3 /* AFHTTPClient.h */,
				8A7871DC15B0F20700882FB3 /* AFHTTPClient.m */,
				8A7871DD15B0F20700882FB3 /* AFHTTPRequestOperation.h */,
				8A7871DE15B0F20700882FB3 /* AFHTTPRequestOperation.m */,
				8A7871DF15B0F20700882FB3 /* AFImageRequestOperation.h */,
				8A7871E015B0F20700882FB3 /* AFImageRequestOperation.m */,
				8A7871E115B0F20700882FB3 /* AFJSONRequestOperation.h */,
				8A7871E215B0F20700882FB3 /* AFJSONRequestOperation.m */,
				8A7871E315B0F20700882FB3 /* AFJSONUtilities.h */,
				8A7871E415B0F20700882FB3 /* AFJSONUtilities.m */,
				8A7871E515B0F20700882FB3 /* AFNetworkActivityIndicatorManager.h */,
				8A7871E615B0F20700882FB3 /* AFNetworkActivityIndicatorManager.m */,
				8A7871E715B0F20700882FB3 /* AFNetworking.h */,
				8A7871E815B0F20700882FB3 /* AFPropertyListRequestOperation.h */,
				8A7871E915B0F20700882FB3 /* AFPropertyListRequestOperation.m */,
				8A7871EA15B0F20700882FB3 /* AFURLConnectionOperation.h */,
				8A7871EB15B0F20700882FB3 /* AFURLConnectionOperation.m */,
				8A7871EC15B0F20700882FB3 /* AFXMLRequestOperation.h */,
				8A7871ED15B0F20700882FB3 /* AFXMLRequestOperation.m */,
				8A7871EE15B0F20700882FB3 /* UIImageView+AFNetworking.h */,
				8A7871EF15B0F20700882FB3 /* UIImageView+AFNetworking.m */,
			);
			name = AFNetworking;
			path = AFNetworking/AFNetworking;
			sourceTree = "<group>";
		};
		8AC5D998149D09B800A63579 = {
			isa = PBXGroup;
			children = (
				8AC5D9AD149D09B800A63579 /* Radio */,
				8AC5D9CB149D09B800A63579 /* RadioTests */,
				8AC5D9A6149D09B800A63579 /* Frameworks */,
				8AC5D9A4149D09B800A63579 /* Products */,
			);
			sourceTree = "<group>";
		};
		8AC5D9A4149D09B800A63579 /* Products */ = {
			isa = PBXGroup;
			children = (
				8AC5D9A3149D09B800A63579 /* Radio.app */,
				8AC5D9C4149D09B800A63579 /* RadioTests.octest */,
			);
			name = Products;
			sourceTree = "<group>";
		};
		8AC5D9A6149D09B800A63579 /* Frameworks */ = {
			isa = PBXGroup;
			children = (
				8AC5D9F5149D2EFA00A63579 /* AVFoundation.framework */,
				8AC5D9E9149D15BD00A63579 /* CFNetwork.framework */,
				8AC5D9E7149D158D00A63579 /* MediaPlayer.framework */,
				8AC5D9E5149D158500A63579 /* AudioToolbox.framework */,
				8AC5D9A7149D09B800A63579 /* UIKit.framework */,
				8AC5D9A9149D09B800A63579 /* Foundation.framework */,
				8AC5D9AB149D09B800A63579 /* CoreGraphics.framework */,
				8AC5D9C5149D09B800A63579 /* SenTestingKit.framework */,
			);
			name = Frameworks;
			sourceTree = "<group>";
		};
		8AC5D9AD149D09B800A63579 /* Radio */ = {
			isa = PBXGroup;
			children = (
				8A40512C14BA062E00C7BB42 /* Assets */,
				8AC5D9EF149D17B800A63579 /* Data */,
				8AC5D9EB149D167900A63579 /* Classes */,
				8AC5D9B6149D09B800A63579 /* GWAppDelegate.h */,
				8AC5D9B7149D09B800A63579 /* GWAppDelegate.m */,
				8AC5D9DC149D13A400A63579 /* Vendor */,
				8AC5D9AE149D09B800A63579 /* Supporting Files */,
				8A0C14B714A9E62800F8D2B3 /* GWRadioApp.h */,
			);
			path = Radio;
			sourceTree = "<group>";
		};
		8AC5D9AE149D09B800A63579 /* Supporting Files */ = {
			isa = PBXGroup;
			children = (
				8AC5D9AF149D09B800A63579 /* Radio-Info.plist */,
				8AC5D9B0149D09B800A63579 /* InfoPlist.strings */,
				8AC5D9B3149D09B800A63579 /* main.m */,
				8AC5D9B5149D09B800A63579 /* Radio-Prefix.pch */,
			);
			name = "Supporting Files";
			sourceTree = "<group>";
		};
		8AC5D9CB149D09B800A63579 /* RadioTests */ = {
			isa = PBXGroup;
			children = (
				8AC5D9D1149D09B800A63579 /* RadioTests.h */,
				8AC5D9D2149D09B800A63579 /* RadioTests.m */,
				8AC5D9CC149D09B800A63579 /* Supporting Files */,
			);
			path = RadioTests;
			sourceTree = "<group>";
		};
		8AC5D9CC149D09B800A63579 /* Supporting Files */ = {
			isa = PBXGroup;
			children = (
				8AC5D9CD149D09B800A63579 /* RadioTests-Info.plist */,
				8AC5D9CE149D09B800A63579 /* InfoPlist.strings */,
			);
			name = "Supporting Files";
			sourceTree = "<group>";
		};
		8AC5D9DC149D13A400A63579 /* Vendor */ = {
			isa = PBXGroup;
			children = (
				8A3DA8A915B19CCE0009E3F5 /* AudioStreamer */,
				8A7871DA15B0F1D000882FB3 /* AFNetworking */,
				8A2BD81E14B9F86F00A54316 /* OrderedDictionary */,
				8A2BD81C14B9F78500A54316 /* GWUtilities */,
			);
			path = Vendor;
			sourceTree = "<group>";
		};
		8AC5D9EB149D167900A63579 /* Classes */ = {
			isa = PBXGroup;
			children = (
				8A0C4FA914BA2DD100D2E864 /* Controllers */,
				8A40513C14BA110800C7BB42 /* Interfaces */,
				8A40513B14BA10E000C7BB42 /* Views */,
				8A40513A14BA0B3100C7BB42 /* Models */,
			);
			path = Classes;
			sourceTree = "<group>";
		};
		8AC5D9EF149D17B800A63579 /* Data */ = {
			isa = PBXGroup;
			children = (
				8A0C14B814A9F7DA00F8D2B3 /* P3.json */,
				8A0C14B914A9F7DA00F8D2B3 /* RadioStations.plist */,
				8A0C14BC14A9F82A00F8D2B3 /* p3_test_1.json */,
				8A0C14BE14A9F84000F8D2B3 /* p3_test_2.json */,
				8A0C14C014A9F86B00F8D2B3 /* p3_test_3.json */,
				8A0C14C214A9F88F00F8D2B3 /* p3_test_4.json */,
			);
			path = Data;
			sourceTree = "<group>";
		};
/* End PBXGroup section */

/* Begin PBXNativeTarget section */
		8AC5D9A2149D09B800A63579 /* Radio */ = {
			isa = PBXNativeTarget;
			buildConfigurationList = 8AC5D9D6149D09B800A63579 /* Build configuration list for PBXNativeTarget "Radio" */;
			buildPhases = (
				8AC5D99F149D09B800A63579 /* Sources */,
				8AC5D9A0149D09B800A63579 /* Frameworks */,
				8AC5D9A1149D09B800A63579 /* Resources */,
			);
			buildRules = (
			);
			dependencies = (
			);
			name = Radio;
			productName = Radio;
			productReference = 8AC5D9A3149D09B800A63579 /* Radio.app */;
			productType = "com.apple.product-type.application";
		};
		8AC5D9C3149D09B800A63579 /* RadioTests */ = {
			isa = PBXNativeTarget;
			buildConfigurationList = 8AC5D9D9149D09B800A63579 /* Build configuration list for PBXNativeTarget "RadioTests" */;
			buildPhases = (
				8AC5D9BF149D09B800A63579 /* Sources */,
				8AC5D9C0149D09B800A63579 /* Frameworks */,
				8AC5D9C1149D09B800A63579 /* Resources */,
				8AC5D9C2149D09B800A63579 /* ShellScript */,
			);
			buildRules = (
			);
			dependencies = (
				8AC5D9CA149D09B800A63579 /* PBXTargetDependency */,
			);
			name = RadioTests;
			productName = RadioTests;
			productReference = 8AC5D9C4149D09B800A63579 /* RadioTests.octest */;
			productType = "com.apple.product-type.bundle";
		};
/* End PBXNativeTarget section */

/* Begin PBXProject section */
		8AC5D99A149D09B800A63579 /* Project object */ = {
			isa = PBXProject;
			attributes = {
				LastUpgradeCheck = 0420;
			};
			buildConfigurationList = 8AC5D99D149D09B800A63579 /* Build configuration list for PBXProject "Radio" */;
			compatibilityVersion = "Xcode 3.2";
			developmentRegion = English;
			hasScannedForEncodings = 0;
			knownRegions = (
				en,
			);
			mainGroup = 8AC5D998149D09B800A63579;
			productRefGroup = 8AC5D9A4149D09B800A63579 /* Products */;
			projectDirPath = "";
			projectRoot = "";
			targets = (
				8AC5D9A2149D09B800A63579 /* Radio */,
				8AC5D9C3149D09B800A63579 /* RadioTests */,
			);
		};
/* End PBXProject section */

/* Begin PBXResourcesBuildPhase section */
		8AC5D9A1149D09B800A63579 /* Resources */ = {
			isa = PBXResourcesBuildPhase;
			buildActionMask = 2147483647;
			files = (
				8AC5D9B2149D09B800A63579 /* InfoPlist.strings in Resources */,
				8AC5D9BE149D09B800A63579 /* GWViewController.xib in Resources */,
				8AFB721E149FD9CF0010E6E1 /* GWTrackView.xib in Resources */,
				8A0C14BA14A9F7DA00F8D2B3 /* P3.json in Resources */,
				8A0C14BB14A9F7DA00F8D2B3 /* RadioStations.plist in Resources */,
				8A0C14BD14A9F82A00F8D2B3 /* p3_test_1.json in Resources */,
				8A0C14BF14A9F84000F8D2B3 /* p3_test_2.json in Resources */,
				8A0C14C114A9F86C00F8D2B3 /* p3_test_3.json in Resources */,
				8A0C14C314A9F88F00F8D2B3 /* p3_test_4.json in Resources */,
				8A40513414BA064A00C7BB42 /* background@2x.png in Resources */,
				8A40513514BA064A00C7BB42 /* button_airplay@2x.png in Resources */,
				8A40513614BA064A00C7BB42 /* button_info@2x.png in Resources */,
				8A40513714BA064A00C7BB42 /* button_pause@2x.png in Resources */,
				8A40513814BA064A00C7BB42 /* button_play@2x.png in Resources */,
				8A40513914BA064A00C7BB42 /* button_spotify@2x.png in Resources */,
				8A0C4FAF14BA3EE200D2E864 /* GWFlipSideViewController.xib in Resources */,
				8A0C4FB114BA3F6500D2E864 /* background_flipside@2x.png in Resources */,
				8AA04CF015B084620015F507 /* dots@2x.png in Resources */,
				8A3DA8AE15B2FAEE0009E3F5 /* meter@2x.png in Resources */,
				8A3DA8B015B2FEFD0009E3F5 /* GWVolumeMeterView.xib in Resources */,
			);
			runOnlyForDeploymentPostprocessing = 0;
		};
		8AC5D9C1149D09B800A63579 /* Resources */ = {
			isa = PBXResourcesBuildPhase;
			buildActionMask = 2147483647;
			files = (
				8AC5D9D0149D09B800A63579 /* InfoPlist.strings in Resources */,
			);
			runOnlyForDeploymentPostprocessing = 0;
		};
/* End PBXResourcesBuildPhase section */

/* Begin PBXShellScriptBuildPhase section */
		8AC5D9C2149D09B800A63579 /* ShellScript */ = {
			isa = PBXShellScriptBuildPhase;
			buildActionMask = 2147483647;
			files = (
			);
			inputPaths = (
			);
			outputPaths = (
			);
			runOnlyForDeploymentPostprocessing = 0;
			shellPath = /bin/sh;
			shellScript = "# Run the unit tests in this test bundle.\n\"${SYSTEM_DEVELOPER_DIR}/Tools/RunUnitTests\"\n";
		};
/* End PBXShellScriptBuildPhase section */

/* Begin PBXSourcesBuildPhase section */
		8AC5D99F149D09B800A63579 /* Sources */ = {
			isa = PBXSourcesBuildPhase;
			buildActionMask = 2147483647;
			files = (
				8AC5D9B4149D09B800A63579 /* main.m in Sources */,
				8AC5D9B8149D09B800A63579 /* GWAppDelegate.m in Sources */,
				8AC5D9BB149D09B800A63579 /* GWViewController.m in Sources */,
				8AC5D9EE149D169900A63579 /* GWRadioStation.m in Sources */,
				8AC5D9F4149D214B00A63579 /* GWRadioTuner.m in Sources */,
				8AFB71A1149D44220010E6E1 /* GWRadioStationMetadataCenter.m in Sources */,
				8AFB71CE149E0FBD0010E6E1 /* GWSpotifySearcher.m in Sources */,
				8AFB721C149FD9B80010E6E1 /* GWTrackView.m in Sources */,
				8A0C14C614AA06F000F8D2B3 /* GWStationTunerView.m in Sources */,
				8A2BD82114B9F86F00A54316 /* OrderedDictionary.m in Sources */,
				8A2BD82414B9F8CA00A54316 /* GWOrderedDictionary.m in Sources */,
				8A40513F14BA156500C7BB42 /* GWGlowingLabel.m in Sources */,
				8A0C4FAE14BA3EE200D2E864 /* GWFlipSideViewController.m in Sources */,
				8AA0EA4514C2F4C30096A6A4 /* GWTrackScollView.m in Sources */,
				8A7871F015B0F20700882FB3 /* AFHTTPClient.m in Sources */,
				8A7871F115B0F20700882FB3 /* AFHTTPRequestOperation.m in Sources */,
				8A7871F215B0F20700882FB3 /* AFImageRequestOperation.m in Sources */,
				8A7871F315B0F20700882FB3 /* AFJSONRequestOperation.m in Sources */,
				8A7871F415B0F20700882FB3 /* AFJSONUtilities.m in Sources */,
				8A7871F515B0F20700882FB3 /* AFNetworkActivityIndicatorManager.m in Sources */,
				8A7871F615B0F20700882FB3 /* AFPropertyListRequestOperation.m in Sources */,
				8A7871F715B0F20700882FB3 /* AFURLConnectionOperation.m in Sources */,
				8A7871F815B0F20700882FB3 /* AFXMLRequestOperation.m in Sources */,
				8A7871F915B0F20700882FB3 /* UIImageView+AFNetworking.m in Sources */,
				8A3DA8A715B18ED40009E3F5 /* GWVolumeUnitMeterView.m in Sources */,
				8A3DA8AC15B19CFD0009E3F5 /* AudioStreamer.m in Sources */,
			);
			runOnlyForDeploymentPostprocessing = 0;
		};
		8AC5D9BF149D09B800A63579 /* Sources */ = {
			isa = PBXSourcesBuildPhase;
			buildActionMask = 2147483647;
			files = (
				8AC5D9D3149D09B800A63579 /* RadioTests.m in Sources */,
			);
			runOnlyForDeploymentPostprocessing = 0;
		};
/* End PBXSourcesBuildPhase section */

/* Begin PBXTargetDependency section */
		8AC5D9CA149D09B800A63579 /* PBXTargetDependency */ = {
			isa = PBXTargetDependency;
			target = 8AC5D9A2149D09B800A63579 /* Radio */;
			targetProxy = 8AC5D9C9149D09B800A63579 /* PBXContainerItemProxy */;
		};
/* End PBXTargetDependency section */

/* Begin PBXVariantGroup section */
		8AC5D9B0149D09B800A63579 /* InfoPlist.strings */ = {
			isa = PBXVariantGroup;
			children = (
				8AC5D9B1149D09B800A63579 /* en */,
			);
			name = InfoPlist.strings;
			sourceTree = "<group>";
		};
		8AC5D9BC149D09B800A63579 /* GWViewController.xib */ = {
			isa = PBXVariantGroup;
			children = (
				8AC5D9BD149D09B800A63579 /* en */,
			);
			name = GWViewController.xib;
			path = ..;
			sourceTree = "<group>";
		};
		8AC5D9CE149D09B800A63579 /* InfoPlist.strings */ = {
			isa = PBXVariantGroup;
			children = (
				8AC5D9CF149D09B800A63579 /* en */,
			);
			name = InfoPlist.strings;
			sourceTree = "<group>";
		};
/* End PBXVariantGroup section */

/* Begin XCBuildConfiguration section */
		8AC5D9D4149D09B800A63579 /* Debug */ = {
			isa = XCBuildConfiguration;
			buildSettings = {
				ALWAYS_SEARCH_USER_PATHS = NO;
				ARCHS = "$(ARCHS_STANDARD_32_BIT)";
				CLANG_ENABLE_OBJC_ARC = YES;
				"CODE_SIGN_IDENTITY[sdk=iphoneos*]" = "iPhone Developer";
				COPY_PHASE_STRIP = NO;
				GCC_C_LANGUAGE_STANDARD = gnu99;
				GCC_DYNAMIC_NO_PIC = NO;
				GCC_OPTIMIZATION_LEVEL = 0;
				GCC_PREPROCESSOR_DEFINITIONS = (
					"DEBUG=1",
					"$(inherited)",
				);
				GCC_SYMBOLS_PRIVATE_EXTERN = NO;
				GCC_VERSION = com.apple.compilers.llvm.clang.1_0;
				GCC_WARN_ABOUT_MISSING_PROTOTYPES = YES;
				GCC_WARN_ABOUT_RETURN_TYPE = YES;
				GCC_WARN_UNUSED_VARIABLE = YES;
				IPHONEOS_DEPLOYMENT_TARGET = 5.0;
				"OTHER_CFLAGS[arch=*]" = "-DDEBUG=1";
				SDKROOT = iphoneos;
			};
			name = Debug;
		};
		8AC5D9D5149D09B800A63579 /* Release */ = {
			isa = XCBuildConfiguration;
			buildSettings = {
				ALWAYS_SEARCH_USER_PATHS = NO;
				ARCHS = "$(ARCHS_STANDARD_32_BIT)";
				CLANG_ENABLE_OBJC_ARC = YES;
				"CODE_SIGN_IDENTITY[sdk=iphoneos*]" = "iPhone Developer";
				COPY_PHASE_STRIP = YES;
				GCC_C_LANGUAGE_STANDARD = gnu99;
				GCC_VERSION = com.apple.compilers.llvm.clang.1_0;
				GCC_WARN_ABOUT_MISSING_PROTOTYPES = YES;
				GCC_WARN_ABOUT_RETURN_TYPE = YES;
				GCC_WARN_UNUSED_VARIABLE = YES;
				IPHONEOS_DEPLOYMENT_TARGET = 5.0;
				OTHER_CFLAGS = "-DNS_BLOCK_ASSERTIONS=1";
				SDKROOT = iphoneos;
				VALIDATE_PRODUCT = YES;
			};
			name = Release;
		};
		8AC5D9D7149D09B800A63579 /* Debug */ = {
			isa = XCBuildConfiguration;
			buildSettings = {
				GCC_PRECOMPILE_PREFIX_HEADER = YES;
				GCC_PREFIX_HEADER = "Radio/Radio-Prefix.pch";
				GCC_PREPROCESSOR_DEFINITIONS = (
					DEBUG,
					"$(inherited)",
				);
				INFOPLIST_FILE = "Radio/Radio-Info.plist";
				PRODUCT_NAME = "$(TARGET_NAME)";
				WRAPPER_EXTENSION = app;
			};
			name = Debug;
		};
		8AC5D9D8149D09B800A63579 /* Release */ = {
			isa = XCBuildConfiguration;
			buildSettings = {
				GCC_PRECOMPILE_PREFIX_HEADER = YES;
				GCC_PREFIX_HEADER = "Radio/Radio-Prefix.pch";
				INFOPLIST_FILE = "Radio/Radio-Info.plist";
				PRODUCT_NAME = "$(TARGET_NAME)";
				WRAPPER_EXTENSION = app;
			};
			name = Release;
		};
		8AC5D9DA149D09B800A63579 /* Debug */ = {
			isa = XCBuildConfiguration;
			buildSettings = {
				BUNDLE_LOADER = "$(BUILT_PRODUCTS_DIR)/Radio.app/Radio";
				FRAMEWORK_SEARCH_PATHS = (
					"$(SDKROOT)/Developer/Library/Frameworks",
					"$(DEVELOPER_LIBRARY_DIR)/Frameworks",
				);
				GCC_PRECOMPILE_PREFIX_HEADER = YES;
				GCC_PREFIX_HEADER = "Radio/Radio-Prefix.pch";
				INFOPLIST_FILE = "RadioTests/RadioTests-Info.plist";
				PRODUCT_NAME = "$(TARGET_NAME)";
				TEST_HOST = "$(BUNDLE_LOADER)";
				WRAPPER_EXTENSION = octest;
			};
			name = Debug;
		};
		8AC5D9DB149D09B800A63579 /* Release */ = {
			isa = XCBuildConfiguration;
			buildSettings = {
				BUNDLE_LOADER = "$(BUILT_PRODUCTS_DIR)/Radio.app/Radio";
				FRAMEWORK_SEARCH_PATHS = (
					"$(SDKROOT)/Developer/Library/Frameworks",
					"$(DEVELOPER_LIBRARY_DIR)/Frameworks",
				);
				GCC_PRECOMPILE_PREFIX_HEADER = YES;
				GCC_PREFIX_HEADER = "Radio/Radio-Prefix.pch";
				INFOPLIST_FILE = "RadioTests/RadioTests-Info.plist";
				PRODUCT_NAME = "$(TARGET_NAME)";
				TEST_HOST = "$(BUNDLE_LOADER)";
				WRAPPER_EXTENSION = octest;
			};
			name = Release;
		};
/* End XCBuildConfiguration section */

/* Begin XCConfigurationList section */
		8AC5D99D149D09B800A63579 /* Build configuration list for PBXProject "Radio" */ = {
			isa = XCConfigurationList;
			buildConfigurations = (
				8AC5D9D4149D09B800A63579 /* Debug */,
				8AC5D9D5149D09B800A63579 /* Release */,
			);
			defaultConfigurationIsVisible = 0;
			defaultConfigurationName = Release;
		};
		8AC5D9D6149D09B800A63579 /* Build configuration list for PBXNativeTarget "Radio" */ = {
			isa = XCConfigurationList;
			buildConfigurations = (
				8AC5D9D7149D09B800A63579 /* Debug */,
				8AC5D9D8149D09B800A63579 /* Release */,
			);
			defaultConfigurationIsVisible = 0;
			defaultConfigurationName = Release;
		};
		8AC5D9D9149D09B800A63579 /* Build configuration list for PBXNativeTarget "RadioTests" */ = {
			isa = XCConfigurationList;
			buildConfigurations = (
				8AC5D9DA149D09B800A63579 /* Debug */,
				8AC5D9DB149D09B800A63579 /* Release */,
			);
			defaultConfigurationIsVisible = 0;
			defaultConfigurationName = Release;
		};
/* End XCConfigurationList section */
	};
	rootObject = 8AC5D99A149D09B800A63579 /* Project object */;
}
